// !$*UTF8*$!
{
	archiveVersion = 1;
	classes = {
	};
	objectVersion = 56;
	objects = {

/* Begin PBXBuildFile section */
		A10000000000000000000001 /* TaptionPlanApp.swift in Sources */ = {isa = PBXBuildFile; fileRef = F10000000000000000000001 /* TaptionPlanApp.swift */; };
		A10000000000000000000002 /* AppModel.swift in Sources */ = {isa = PBXBuildFile; fileRef = F10000000000000000000002 /* AppModel.swift */; };
		A10000000000000000000003 /* PlanItem.swift in Sources */ = {isa = PBXBuildFile; fileRef = F10000000000000000000003 /* PlanItem.swift */; };
		A10000000000000000000004 /* Theme.swift in Sources */ = {isa = PBXBuildFile; fileRef = F10000000000000000000004 /* Theme.swift */; };
		A10000000000000000000005 /* AppShellView.swift in Sources */ = {isa = PBXBuildFile; fileRef = F10000000000000000000005 /* AppShellView.swift */; };
		A10000000000000000000006 /* ScheduleView.swift in Sources */ = {isa = PBXBuildFile; fileRef = F10000000000000000000006 /* ScheduleView.swift */; };
		A10000000000000000000007 /* GoalsView.swift in Sources */ = {isa = PBXBuildFile; fileRef = F10000000000000000000007 /* GoalsView.swift */; };
		A10000000000000000000008 /* ReviewView.swift in Sources */ = {isa = PBXBuildFile; fileRef = F10000000000000000000008 /* ReviewView.swift */; };
		A10000000000000000000009 /* SettingsView.swift in Sources */ = {isa = PBXBuildFile; fileRef = F10000000000000000000009 /* SettingsView.swift */; };
		A1000000000000000000000A /* AddPlanSheet.swift in Sources */ = {isa = PBXBuildFile; fileRef = F1000000000000000000000A /* AddPlanSheet.swift */; };
		A1000000000000000000000B /* Assets.xcassets in Resources */ = {isa = PBXBuildFile; fileRef = F1000000000000000000000B /* Assets.xcassets */; };
		A1000000000000000000000C /* TimeScaleTests.swift in Sources */ = {isa = PBXBuildFile; fileRef = F1000000000000000000000C /* TimeScaleTests.swift */; };
		A1000000000000000000000D /* DraftComponents.swift in Sources */ = {isa = PBXBuildFile; fileRef = F1000000000000000000000D /* DraftComponents.swift */; };
		A1000000000000000000000E /* DetailViews.swift in Sources */ = {isa = PBXBuildFile; fileRef = F1000000000000000000000E /* DetailViews.swift */; };
		A1000000000000000000000F /* FeatureModels.swift in Sources */ = {isa = PBXBuildFile; fileRef = F1000000000000000000000F /* FeatureModels.swift */; };
		A10000000000000000000010 /* PlanRepository.swift in Sources */ = {isa = PBXBuildFile; fileRef = F10000000000000000000010 /* PlanRepository.swift */; };
		A10000000000000000000011 /* PlanningEngine.swift in Sources */ = {isa = PBXBuildFile; fileRef = F10000000000000000000011 /* PlanningEngine.swift */; };
		A10000000000000000000012 /* TemplatesAndSettings.swift in Sources */ = {isa = PBXBuildFile; fileRef = F10000000000000000000012 /* TemplatesAndSettings.swift */; };
		A10000000000000000000013 /* SensorFusion.swift in Sources */ = {isa = PBXBuildFile; fileRef = F10000000000000000000013 /* SensorFusion.swift */; };
		A10000000000000000000014 /* AppleIntegrations.swift in Sources */ = {isa = PBXBuildFile; fileRef = F10000000000000000000014 /* AppleIntegrations.swift */; };
		A10000000000000000000015 /* LiveActivitySupport.swift in Sources */ = {isa = PBXBuildFile; fileRef = F10000000000000000000015 /* LiveActivitySupport.swift */; };
		A10000000000000000000016 /* FeatureEngineTests.swift in Sources */ = {isa = PBXBuildFile; fileRef = F10000000000000000000016 /* FeatureEngineTests.swift */; };
/* End PBXBuildFile section */

/* Begin PBXContainerItemProxy section */
		B10000000000000000000001 /* PBXContainerItemProxy */ = {
			isa = PBXContainerItemProxy;
			containerPortal = D10000000000000000000001 /* Project object */;
			proxyType = 1;
			remoteGlobalIDString = E10000000000000000000001;
			remoteInfo = TaptionPlan;
		};
/* End PBXContainerItemProxy section */

/* Begin PBXFileReference section */
		C10000000000000000000001 /* TaptionPlan.app */ = {isa = PBXFileReference; explicitFileType = wrapper.application; includeInIndex = 0; path = TaptionPlan.app; sourceTree = BUILT_PRODUCTS_DIR; };
		C10000000000000000000002 /* TaptionPlanTests.xctest */ = {isa = PBXFileReference; explicitFileType = wrapper.cfbundle; includeInIndex = 0; path = TaptionPlanTests.xctest; sourceTree = BUILT_PRODUCTS_DIR; };
		F10000000000000000000001 /* TaptionPlanApp.swift */ = {isa = PBXFileReference; lastKnownFileType = sourcecode.swift; path = TaptionPlanApp.swift; sourceTree = "<group>"; };
		F10000000000000000000002 /* AppModel.swift */ = {isa = PBXFileReference; lastKnownFileType = sourcecode.swift; path = AppModel.swift; sourceTree = "<group>"; };
		F10000000000000000000003 /* PlanItem.swift */ = {isa = PBXFileReference; lastKnownFileType = sourcecode.swift; path = PlanItem.swift; sourceTree = "<group>"; };
		F10000000000000000000004 /* Theme.swift */ = {isa = PBXFileReference; lastKnownFileType = sourcecode.swift; path = Theme.swift; sourceTree = "<group>"; };
		F10000000000000000000005 /* AppShellView.swift */ = {isa = PBXFileReference; lastKnownFileType = sourcecode.swift; path = AppShellView.swift; sourceTree = "<group>"; };
		F10000000000000000000006 /* ScheduleView.swift */ = {isa = PBXFileReference; lastKnownFileType = sourcecode.swift; path = ScheduleView.swift; sourceTree = "<group>"; };
		F10000000000000000000007 /* GoalsView.swift */ = {isa = PBXFileReference; lastKnownFileType = sourcecode.swift; path = GoalsView.swift; sourceTree = "<group>"; };
		F10000000000000000000008 /* ReviewView.swift */ = {isa = PBXFileReference; lastKnownFileType = sourcecode.swift; path = ReviewView.swift; sourceTree = "<group>"; };
		F10000000000000000000009 /* SettingsView.swift */ = {isa = PBXFileReference; lastKnownFileType = sourcecode.swift; path = SettingsView.swift; sourceTree = "<group>"; };
		F1000000000000000000000A /* AddPlanSheet.swift */ = {isa = PBXFileReference; lastKnownFileType = sourcecode.swift; path = AddPlanSheet.swift; sourceTree = "<group>"; };
		F1000000000000000000000B /* Assets.xcassets */ = {isa = PBXFileReference; lastKnownFileType = folder.assetcatalog; path = Assets.xcassets; sourceTree = "<group>"; };
		F1000000000000000000000C /* TimeScaleTests.swift */ = {isa = PBXFileReference; lastKnownFileType = sourcecode.swift; path = TimeScaleTests.swift; sourceTree = "<group>"; };
		F1000000000000000000000D /* DraftComponents.swift */ = {isa = PBXFileReference; lastKnownFileType = sourcecode.swift; path = DraftComponents.swift; sourceTree = "<group>"; };
		F1000000000000000000000E /* DetailViews.swift */ = {isa = PBXFileReference; lastKnownFileType = sourcecode.swift; path = DetailViews.swift; sourceTree = "<group>"; };
		F1000000000000000000000F /* FeatureModels.swift */ = {isa = PBXFileReference; lastKnownFileType = sourcecode.swift; path = FeatureModels.swift; sourceTree = "<group>"; };
		F10000000000000000000010 /* PlanRepository.swift */ = {isa = PBXFileReference; lastKnownFileType = sourcecode.swift; path = PlanRepository.swift; sourceTree = "<group>"; };
		F10000000000000000000011 /* PlanningEngine.swift */ = {isa = PBXFileReference; lastKnownFileType = sourcecode.swift; path = PlanningEngine.swift; sourceTree = "<group>"; };
		F10000000000000000000012 /* TemplatesAndSettings.swift */ = {isa = PBXFileReference; lastKnownFileType = sourcecode.swift; path = TemplatesAndSettings.swift; sourceTree = "<group>"; };
		F10000000000000000000013 /* SensorFusion.swift */ = {isa = PBXFileReference; lastKnownFileType = sourcecode.swift; path = SensorFusion.swift; sourceTree = "<group>"; };
		F10000000000000000000014 /* AppleIntegrations.swift */ = {isa = PBXFileReference; lastKnownFileType = sourcecode.swift; path = AppleIntegrations.swift; sourceTree = "<group>"; };
		F10000000000000000000015 /* LiveActivitySupport.swift */ = {isa = PBXFileReference; lastKnownFileType = sourcecode.swift; path = LiveActivitySupport.swift; sourceTree = "<group>"; };
		F10000000000000000000016 /* FeatureEngineTests.swift */ = {isa = PBXFileReference; lastKnownFileType = sourcecode.swift; path = FeatureEngineTests.swift; sourceTree = "<group>"; };
		F10000000000000000000017 /* TaptionPlan.entitlements */ = {isa = PBXFileReference; lastKnownFileType = text.plist.entitlements; path = TaptionPlan.entitlements; sourceTree = "<group>"; };
/* End PBXFileReference section */

/* Begin PBXFrameworksBuildPhase section */
		910000000000000000000001 /* Frameworks */ = {
			isa = PBXFrameworksBuildPhase;
			buildActionMask = 2147483647;
			files = (
			);
			runOnlyForDeploymentPostprocessing = 0;
		};
		910000000000000000000002 /* Frameworks */ = {
			isa = PBXFrameworksBuildPhase;
			buildActionMask = 2147483647;
			files = (
			);
			runOnlyForDeploymentPostprocessing = 0;
		};
/* End PBXFrameworksBuildPhase section */

/* Begin PBXGroup section */
		810000000000000000000001 = {
			isa = PBXGroup;
			children = (
				810000000000000000000003 /* TaptionPlan */,
				810000000000000000000004 /* TaptionPlanTests */,
				810000000000000000000002 /* Products */,
			);
			sourceTree = "<group>";
		};
		810000000000000000000002 /* Products */ = {
			isa = PBXGroup;
			children = (
				C10000000000000000000001 /* TaptionPlan.app */,
				C10000000000000000000002 /* TaptionPlanTests.xctest */,
			);
			name = Products;
			sourceTree = "<group>";
		};
		810000000000000000000003 /* TaptionPlan */ = {
			isa = PBXGroup;
			children = (
				F10000000000000000000001 /* TaptionPlanApp.swift */,
				F10000000000000000000002 /* AppModel.swift */,
				F10000000000000000000003 /* PlanItem.swift */,
				F10000000000000000000004 /* Theme.swift */,
				F10000000000000000000005 /* AppShellView.swift */,
				F10000000000000000000006 /* ScheduleView.swift */,
				F10000000000000000000007 /* GoalsView.swift */,
				F10000000000000000000008 /* ReviewView.swift */,
				F10000000000000000000009 /* SettingsView.swift */,
				F1000000000000000000000A /* AddPlanSheet.swift */,
				F1000000000000000000000D /* DraftComponents.swift */,
				F1000000000000000000000E /* DetailViews.swift */,
				F1000000000000000000000F /* FeatureModels.swift */,
				F10000000000000000000010 /* PlanRepository.swift */,
				F10000000000000000000011 /* PlanningEngine.swift */,
				F10000000000000000000012 /* TemplatesAndSettings.swift */,
				F10000000000000000000013 /* SensorFusion.swift */,
				F10000000000000000000014 /* AppleIntegrations.swift */,
				F10000000000000000000015 /* LiveActivitySupport.swift */,
				F10000000000000000000017 /* TaptionPlan.entitlements */,
				F1000000000000000000000B /* Assets.xcassets */,
			);
			path = TaptionPlan;
			sourceTree = "<group>";
		};
		810000000000000000000004 /* TaptionPlanTests */ = {
			isa = PBXGroup;
			children = (
				F1000000000000000000000C /* TimeScaleTests.swift */,
				F10000000000000000000016 /* FeatureEngineTests.swift */,
			);
			path = TaptionPlanTests;
			sourceTree = "<group>";
		};
/* End PBXGroup section */

/* Begin PBXNativeTarget section */
		E10000000000000000000001 /* TaptionPlan */ = {
			isa = PBXNativeTarget;
			buildConfigurationList = 710000000000000000000002 /* Build configuration list for PBXNativeTarget "TaptionPlan" */;
			buildPhases = (
				920000000000000000000001 /* Sources */,
				910000000000000000000001 /* Frameworks */,
				930000000000000000000001 /* Resources */,
			);
			buildRules = (
			);
			dependencies = (
			);
			name = TaptionPlan;
			productName = TaptionPlan;
			productReference = C10000000000000000000001 /* TaptionPlan.app */;
			productType = "com.apple.product-type.application";
		};
		E10000000000000000000002 /* TaptionPlanTests */ = {
			isa = PBXNativeTarget;
			buildConfigurationList = 710000000000000000000003 /* Build configuration list for PBXNativeTarget "TaptionPlanTests" */;
			buildPhases = (
				920000000000000000000002 /* Sources */,
				910000000000000000000002 /* Frameworks */,
				930000000000000000000002 /* Resources */,
			);
			buildRules = (
			);
			dependencies = (
				B20000000000000000000001 /* PBXTargetDependency */,
			);
			name = TaptionPlanTests;
			productName = TaptionPlanTests;
			productReference = C10000000000000000000002 /* TaptionPlanTests.xctest */;
			productType = "com.apple.product-type.bundle.unit-test";
		};
/* End PBXNativeTarget section */

/* Begin PBXProject section */
		D10000000000000000000001 /* Project object */ = {
			isa = PBXProject;
			attributes = {
				BuildIndependentTargetsInParallel = 1;
				LastSwiftUpdateCheck = 2660;
				LastUpgradeCheck = 2660;
				TargetAttributes = {
					E10000000000000000000001 = {
						CreatedOnToolsVersion = 26.6;
					};
					E10000000000000000000002 = {
						CreatedOnToolsVersion = 26.6;
						TestTargetID = E10000000000000000000001;
					};
				};
			};
			buildConfigurationList = 710000000000000000000001 /* Build configuration list for PBXProject "TaptionPlan" */;
			compatibilityVersion = "Xcode 14.0";
			developmentRegion = ko;
			hasScannedForEncodings = 0;
			knownRegions = (
				ko,
				Base,
			);
			mainGroup = 810000000000000000000001;
			productRefGroup = 810000000000000000000002 /* Products */;
			projectDirPath = "";
			projectRoot = "";
			targets = (
				E10000000000000000000001 /* TaptionPlan */,
				E10000000000000000000002 /* TaptionPlanTests */,
			);
		};
/* End PBXProject section */

/* Begin PBXResourcesBuildPhase section */
		930000000000000000000001 /* Resources */ = {
			isa = PBXResourcesBuildPhase;
			buildActionMask = 2147483647;
			files = (
				A1000000000000000000000B /* Assets.xcassets in Resources */,
			);
			runOnlyForDeploymentPostprocessing = 0;
		};
		930000000000000000000002 /* Resources */ = {
			isa = PBXResourcesBuildPhase;
			buildActionMask = 2147483647;
			files = (
			);
			runOnlyForDeploymentPostprocessing = 0;
		};
/* End PBXResourcesBuildPhase section */

/* Begin PBXSourcesBuildPhase section */
		920000000000000000000001 /* Sources */ = {
			isa = PBXSourcesBuildPhase;
			buildActionMask = 2147483647;
			files = (
				A10000000000000000000001 /* TaptionPlanApp.swift in Sources */,
				A10000000000000000000002 /* AppModel.swift in Sources */,
				A10000000000000000000003 /* PlanItem.swift in Sources */,
				A10000000000000000000004 /* Theme.swift in Sources */,
				A10000000000000000000005 /* AppShellView.swift in Sources */,
				A10000000000000000000006 /* ScheduleView.swift in Sources */,
				A10000000000000000000007 /* GoalsView.swift in Sources */,
				A10000000000000000000008 /* ReviewView.swift in Sources */,
				A10000000000000000000009 /* SettingsView.swift in Sources */,
				A1000000000000000000000A /* AddPlanSheet.swift in Sources */,
				A1000000000000000000000D /* DraftComponents.swift in Sources */,
				A1000000000000000000000E /* DetailViews.swift in Sources */,
				A1000000000000000000000F /* FeatureModels.swift in Sources */,
				A10000000000000000000010 /* PlanRepository.swift in Sources */,
				A10000000000000000000011 /* PlanningEngine.swift in Sources */,
				A10000000000000000000012 /* TemplatesAndSettings.swift in Sources */,
				A10000000000000000000013 /* SensorFusion.swift in Sources */,
				A10000000000000000000014 /* AppleIntegrations.swift in Sources */,
				A10000000000000000000015 /* LiveActivitySupport.swift in Sources */,
			);
			runOnlyForDeploymentPostprocessing = 0;
		};
		920000000000000000000002 /* Sources */ = {
			isa = PBXSourcesBuildPhase;
			buildActionMask = 2147483647;
			files = (
				A1000000000000000000000C /* TimeScaleTests.swift in Sources */,
				A10000000000000000000016 /* FeatureEngineTests.swift in Sources */,
			);
			runOnlyForDeploymentPostprocessing = 0;
		};
/* End PBXSourcesBuildPhase section */

/* Begin PBXTargetDependency section */
		B20000000000000000000001 /* PBXTargetDependency */ = {
			isa = PBXTargetDependency;
			target = E10000000000000000000001 /* TaptionPlan */;
			targetProxy = B10000000000000000000001 /* PBXContainerItemProxy */;
		};
/* End PBXTargetDependency section */

/* Begin XCBuildConfiguration section */
		610000000000000000000001 /* Debug */ = {
			isa = XCBuildConfiguration;
			buildSettings = {
				ALWAYS_SEARCH_USER_PATHS = NO;
				CLANG_ANALYZER_NONNULL = YES;
				CLANG_ANALYZER_NUMBER_OBJECT_CONVERSION = YES_AGGRESSIVE;
				CLANG_CXX_LANGUAGE_STANDARD = "gnu++20";
				CLANG_ENABLE_MODULES = YES;
				CLANG_ENABLE_OBJC_ARC = YES;
				CLANG_ENABLE_OBJC_WEAK = YES;
				CLANG_WARN_BLOCK_CAPTURE_AUTORELEASING = YES;
				CLANG_WARN_BOOL_CONVERSION = YES;
				CLANG_WARN_COMMA = YES;
				CLANG_WARN_CONSTANT_CONVERSION = YES;
				CLANG_WARN_DEPRECATED_OBJC_IMPLEMENTATIONS = YES;
				CLANG_WARN_DIRECT_OBJC_ISA_USAGE = YES_ERROR;
				CLANG_WARN_DOCUMENTATION_COMMENTS = YES;
				CLANG_WARN_EMPTY_BODY = YES;
				CLANG_WARN_ENUM_CONVERSION = YES;
				CLANG_WARN_INFINITE_RECURSION = YES;
				CLANG_WARN_INT_CONVERSION = YES;
				CLANG_WARN_NON_LITERAL_NULL_CONVERSION = YES;
				CLANG_WARN_OBJC_IMPLICIT_RETAIN_SELF = YES;
				CLANG_WARN_OBJC_LITERAL_CONVERSION = YES;
				CLANG_WARN_OBJC_ROOT_CLASS = YES_ERROR;
				CLANG_WARN_QUOTED_INCLUDE_IN_FRAMEWORK_HEADER = YES;
				CLANG_WARN_RANGE_LOOP_ANALYSIS = YES;
				CLANG_WARN_STRICT_PROTOTYPES = YES;
				CLANG_WARN_SUSPICIOUS_MOVE = YES;
				CLANG_WARN_UNGUARDED_AVAILABILITY = YES_AGGRESSIVE;
				CLANG_WARN_UNREACHABLE_CODE = YES;
				CLANG_WARN__DUPLICATE_METHOD_MATCH = YES;
				COPY_PHASE_STRIP = NO;
				DEBUG_INFORMATION_FORMAT = dwarf;
				ENABLE_TESTABILITY = YES;
				ENABLE_USER_SCRIPT_SANDBOXING = YES;
				GCC_C_LANGUAGE_STANDARD = gnu17;
				GCC_DYNAMIC_NO_PIC = NO;
				GCC_NO_COMMON_BLOCKS = YES;
				GCC_OPTIMIZATION_LEVEL = 0;
				GCC_PREPROCESSOR_DEFINITIONS = (
					"DEBUG=1",
					"$(inherited)",
				);
				GCC_WARN_64_TO_32_BIT_CONVERSION = YES;
				GCC_WARN_ABOUT_RETURN_TYPE = YES_ERROR;
				GCC_WARN_UNDECLARED_SELECTOR = YES;
				GCC_WARN_UNINITIALIZED_AUTOS = YES_AGGRESSIVE;
				GCC_WARN_UNUSED_FUNCTION = YES;
				GCC_WARN_UNUSED_VARIABLE = YES;
				IPHONEOS_DEPLOYMENT_TARGET = 18.0;
				LOCALIZATION_PREFERS_STRING_CATALOGS = YES;
				MTL_ENABLE_DEBUG_INFO = INCLUDE_SOURCE;
				MTL_FAST_MATH = YES;
				ONLY_ACTIVE_ARCH = YES;
				SDKROOT = iphoneos;
				SWIFT_ACTIVE_COMPILATION_CONDITIONS = "DEBUG $(inherited)";
				SWIFT_OPTIMIZATION_LEVEL = "-Onone";
			};
			name = Debug;
		};
		610000000000000000000002 /* Release */ = {
			isa = XCBuildConfiguration;
			buildSettings = {
				ALWAYS_SEARCH_USER_PATHS = NO;
				CLANG_ANALYZER_NONNULL = YES;
				CLANG_ANALYZER_NUMBER_OBJECT_CONVERSION = YES_AGGRESSIVE;
				CLANG_CXX_LANGUAGE_STANDARD = "gnu++20";
				CLANG_ENABLE_MODULES = YES;
				CLANG_ENABLE_OBJC_ARC = YES;
				CLANG_ENABLE_OBJC_WEAK = YES;
				CLANG_WARN_BLOCK_CAPTURE_AUTORELEASING = YES;
				CLANG_WARN_BOOL_CONVERSION = YES;
				CLANG_WARN_COMMA = YES;
				CLANG_WARN_CONSTANT_CONVERSION = YES;
				CLANG_WARN_DEPRECATED_OBJC_IMPLEMENTATIONS = YES;
				CLANG_WARN_DIRECT_OBJC_ISA_USAGE = YES_ERROR;
				CLANG_WARN_DOCUMENTATION_COMMENTS = YES;
				CLANG_WARN_EMPTY_BODY = YES;
				CLANG_WARN_ENUM_CONVERSION = YES;
				CLANG_WARN_INFINITE_RECURSION = YES;
				CLANG_WARN_INT_CONVERSION = YES;
				CLANG_WARN_NON_LITERAL_NULL_CONVERSION = YES;
				CLANG_WARN_OBJC_IMPLICIT_RETAIN_SELF = YES;
				CLANG_WARN_OBJC_LITERAL_CONVERSION = YES;
				CLANG_WARN_OBJC_ROOT_CLASS = YES_ERROR;
				CLANG_WARN_QUOTED_INCLUDE_IN_FRAMEWORK_HEADER = YES;
				CLANG_WARN_RANGE_LOOP_ANALYSIS = YES;
				CLANG_WARN_STRICT_PROTOTYPES = YES;
				CLANG_WARN_SUSPICIOUS_MOVE = YES;
				CLANG_WARN_UNGUARDED_AVAILABILITY = YES_AGGRESSIVE;
				CLANG_WARN_UNREACHABLE_CODE = YES;
				CLANG_WARN__DUPLICATE_METHOD_MATCH = YES;
				COPY_PHASE_STRIP = NO;
				DEBUG_INFORMATION_FORMAT = "dwarf-with-dsym";
				ENABLE_NS_ASSERTIONS = NO;
				ENABLE_USER_SCRIPT_SANDBOXING = YES;
				GCC_C_LANGUAGE_STANDARD = gnu17;
				GCC_NO_COMMON_BLOCKS = YES;
				GCC_WARN_64_TO_32_BIT_CONVERSION = YES;
				GCC_WARN_ABOUT_RETURN_TYPE = YES_ERROR;
				GCC_WARN_UNDECLARED_SELECTOR = YES;
				GCC_WARN_UNINITIALIZED_AUTOS = YES_AGGRESSIVE;
				GCC_WARN_UNUSED_FUNCTION = YES;
				GCC_WARN_UNUSED_VARIABLE = YES;
				IPHONEOS_DEPLOYMENT_TARGET = 18.0;
				LOCALIZATION_PREFERS_STRING_CATALOGS = YES;
				MTL_ENABLE_DEBUG_INFO = NO;
				MTL_FAST_MATH = YES;
				SDKROOT = iphoneos;
				SWIFT_COMPILATION_MODE = wholemodule;
				VALIDATE_PRODUCT = YES;
			};
			name = Release;
		};
		610000000000000000000003 /* Debug */ = {
			isa = XCBuildConfiguration;
			buildSettings = {
				ASSETCATALOG_COMPILER_APPICON_NAME = AppIcon;
				ASSETCATALOG_COMPILER_GLOBAL_ACCENT_COLOR_NAME = AccentColor;
				CODE_SIGN_ENTITLEMENTS = TaptionPlan/TaptionPlan.entitlements;
				CODE_SIGN_STYLE = Automatic;
				CURRENT_PROJECT_VERSION = 1;
				DEVELOPMENT_TEAM = "";
				ENABLE_PREVIEWS = YES;
				GENERATE_INFOPLIST_FILE = YES;
				INFOPLIST_KEY_CFBundleDisplayName = "Taption Plan";
				INFOPLIST_KEY_NSCalendarsFullAccessUsageDescription = "고정된 일정을 시간표에 표시하기 위해 캘린더 접근이 필요합니다.";
				INFOPLIST_KEY_NSHealthShareUsageDescription = "운동과 수면의 실제 기록을 시간표와 비교하기 위해 건강 데이터 접근이 필요합니다.";
				INFOPLIST_KEY_NSLocationAlwaysAndWhenInUseUsageDescription = "방문 장소와 이동 구간을 저전력 방식으로 자동 기록하려면 백그라운드 위치 접근이 필요합니다.";
				INFOPLIST_KEY_NSLocationWhenInUseUsageDescription = "머문 장소와 이동 시간을 사용자가 허용한 범위에서 기록하기 위해 위치 접근이 필요합니다.";
				INFOPLIST_KEY_NSMicrophoneUsageDescription = "액션 아이템에 음성 메모를 첨부하기 위해 마이크 접근이 필요합니다.";
				INFOPLIST_KEY_NSMotionUsageDescription = "걷기와 이동 상태를 추정하기 위해 동작 및 피트니스 접근이 필요합니다.";
				INFOPLIST_KEY_NSPhotoLibraryUsageDescription = "촬영 시각에 맞춰 사진을 시간표에 표시하기 위해 사진 접근이 필요합니다.";
				INFOPLIST_KEY_NSSupportsLiveActivities = YES;
				INFOPLIST_KEY_UIApplicationSceneManifest_Generation = YES;
				INFOPLIST_KEY_UIApplicationSupportsIndirectInputEvents = YES;
				INFOPLIST_KEY_UILaunchScreen_Generation = YES;
				IPHONEOS_DEPLOYMENT_TARGET = 18.0;
				LD_RUNPATH_SEARCH_PATHS = (
					"$(inherited)",
					"@executable_path/Frameworks",
				);
				MARKETING_VERSION = 0.1.0;
				PRODUCT_BUNDLE_IDENTIFIER = com.taption.plan;
				PRODUCT_NAME = "$(TARGET_NAME)";
				SUPPORTED_PLATFORMS = "iphoneos iphonesimulator";
				SUPPORTS_MACCATALYST = NO;
				SWIFT_EMIT_LOC_STRINGS = YES;
				SWIFT_VERSION = 6.0;
				TARGETED_DEVICE_FAMILY = 1;
			};
			name = Debug;
		};
		610000000000000000000004 /* Release */ = {
			isa = XCBuildConfiguration;
			buildSettings = {
				ASSETCATALOG_COMPILER_APPICON_NAME = AppIcon;
				ASSETCATALOG_COMPILER_GLOBAL_ACCENT_COLOR_NAME = AccentColor;
				CODE_SIGN_ENTITLEMENTS = TaptionPlan/TaptionPlan.entitlements;
				CODE_SIGN_STYLE = Automatic;
				CURRENT_PROJECT_VERSION = 1;
				DEVELOPMENT_TEAM = "";
				GENERATE_INFOPLIST_FILE = YES;
				INFOPLIST_KEY_CFBundleDisplayName = "Taption Plan";
				INFOPLIST_KEY_NSCalendarsFullAccessUsageDescription = "고정된 일정을 시간표에 표시하기 위해 캘린더 접근이 필요합니다.";
				INFOPLIST_KEY_NSHealthShareUsageDescription = "운동과 수면의 실제 기록을 시간표와 비교하기 위해 건강 데이터 접근이 필요합니다.";
				INFOPLIST_KEY_NSLocationAlwaysAndWhenInUseUsageDescription = "방문 장소와 이동 구간을 저전력 방식으로 자동 기록하려면 백그라운드 위치 접근이 필요합니다.";
				INFOPLIST_KEY_NSLocationWhenInUseUsageDescription = "머문 장소와 이동 시간을 사용자가 허용한 범위에서 기록하기 위해 위치 접근이 필요합니다.";
				INFOPLIST_KEY_NSMicrophoneUsageDescription = "액션 아이템에 음성 메모를 첨부하기 위해 마이크 접근이 필요합니다.";
				INFOPLIST_KEY_NSMotionUsageDescription = "걷기와 이동 상태를 추정하기 위해 동작 및 피트니스 접근이 필요합니다.";
				INFOPLIST_KEY_NSPhotoLibraryUsageDescription = "촬영 시각에 맞춰 사진을 시간표에 표시하기 위해 사진 접근이 필요합니다.";
				INFOPLIST_KEY_NSSupportsLiveActivities = YES;
				INFOPLIST_KEY_UIApplicationSceneManifest_Generation = YES;
				INFOPLIST_KEY_UIApplicationSupportsIndirectInputEvents = YES;
				INFOPLIST_KEY_UILaunchScreen_Generation = YES;
				IPHONEOS_DEPLOYMENT_TARGET = 18.0;
				LD_RUNPATH_SEARCH_PATHS = (
					"$(inherited)",
					"@executable_path/Frameworks",
				);
				MARKETING_VERSION = 0.1.0;
				PRODUCT_BUNDLE_IDENTIFIER = com.taption.plan;
				PRODUCT_NAME = "$(TARGET_NAME)";
				SUPPORTED_PLATFORMS = "iphoneos iphonesimulator";
				SUPPORTS_MACCATALYST = NO;
				SWIFT_EMIT_LOC_STRINGS = YES;
				SWIFT_VERSION = 6.0;
				TARGETED_DEVICE_FAMILY = 1;
			};
			name = Release;
		};
		610000000000000000000005 /* Debug */ = {
			isa = XCBuildConfiguration;
			buildSettings = {
				BUNDLE_LOADER = "$(TEST_HOST)";
				CODE_SIGN_STYLE = Automatic;
				GENERATE_INFOPLIST_FILE = YES;
				IPHONEOS_DEPLOYMENT_TARGET = 18.0;
				LD_RUNPATH_SEARCH_PATHS = (
					"$(inherited)",
					"@executable_path/Frameworks",
					"@loader_path/Frameworks",
				);
				PRODUCT_BUNDLE_IDENTIFIER = com.taption.plan.tests;
				PRODUCT_NAME = "$(TARGET_NAME)";
				SUPPORTED_PLATFORMS = "iphoneos iphonesimulator";
				SWIFT_VERSION = 6.0;
				TARGETED_DEVICE_FAMILY = 1;
				TEST_HOST = "$(BUILT_PRODUCTS_DIR)/TaptionPlan.app/$(BUNDLE_EXECUTABLE_FOLDER_PATH)/TaptionPlan";
			};
			name = Debug;
		};
		610000000000000000000006 /* Release */ = {
			isa = XCBuildConfiguration;
			buildSettings = {
				BUNDLE_LOADER = "$(TEST_HOST)";
				CODE_SIGN_STYLE = Automatic;
				GENERATE_INFOPLIST_FILE = YES;
				IPHONEOS_DEPLOYMENT_TARGET = 18.0;
				LD_RUNPATH_SEARCH_PATHS = (
					"$(inherited)",
					"@executable_path/Frameworks",
					"@loader_path/Frameworks",
				);
				PRODUCT_BUNDLE_IDENTIFIER = com.taption.plan.tests;
				PRODUCT_NAME = "$(TARGET_NAME)";
				SUPPORTED_PLATFORMS = "iphoneos iphonesimulator";
				SWIFT_VERSION = 6.0;
				TARGETED_DEVICE_FAMILY = 1;
				TEST_HOST = "$(BUILT_PRODUCTS_DIR)/TaptionPlan.app/$(BUNDLE_EXECUTABLE_FOLDER_PATH)/TaptionPlan";
			};
			name = Release;
		};
/* End XCBuildConfiguration section */

/* Begin XCConfigurationList section */
		710000000000000000000001 /* Build configuration list for PBXProject "TaptionPlan" */ = {
			isa = XCConfigurationList;
			buildConfigurations = (
				610000000000000000000001 /* Debug */,
				610000000000000000000002 /* Release */,
			);
			defaultConfigurationIsVisible = 0;
			defaultConfigurationName = Release;
		};
		710000000000000000000002 /* Build configuration list for PBXNativeTarget "TaptionPlan" */ = {
			isa = XCConfigurationList;
			buildConfigurations = (
				610000000000000000000003 /* Debug */,
				610000000000000000000004 /* Release */,
			);
			defaultConfigurationIsVisible = 0;
			defaultConfigurationName = Release;
		};
		710000000000000000000003 /* Build configuration list for PBXNativeTarget "TaptionPlanTests" */ = {
			isa = XCConfigurationList;
			buildConfigurations = (
				610000000000000000000005 /* Debug */,
				610000000000000000000006 /* Release */,
			);
			defaultConfigurationIsVisible = 0;
			defaultConfigurationName = Release;
		};
/* End XCConfigurationList section */
	};
	rootObject = D10000000000000000000001 /* Project object */;
}
