// !$*UTF8*$!
{
	archiveVersion = 1;
	classes = {
	};
	objectVersion = 56;
	objects = {

/* Begin PBXBuildFile section */
		A10000000000000000000001 /* TaptionPlanApp.swift in Sources */ = {isa = PBXBuildFile; fileRef = F10000000000000000000001 /* TaptionPlanApp.swift */; };
		A10000000000000000000002 /* AppModel.swift in Sources */ = {isa = PBXBuildFile; fileRef = F10000000000000000000002 /* AppModel.swift */; };
		A10000000000000000000003 /* PlanItem.swift in Sources */ = {isa = PBXBuildFile; fileRef = F10000000000000000000003 /* PlanItem.swift */; };
		A10000000000000000000004 /* Theme.swift in Sources */ = {isa = PBXBuildFile; fileRef = F10000000000000000000004 /* Theme.swift */; };
		A10000000000000000000005 /* AppShellView.swift in Sources */ = {isa = PBXBuildFile; fileRef = F10000000000000000000005 /* AppShellView.swift */; };
		A10000000000000000000006 /* ScheduleView.swift in Sources */ = {isa = PBXBuildFile; fileRef = F10000000000000000000006 /* ScheduleView.swift */; };
		A10000000000000000000007 /* GoalsView.swift in Sources */ = {isa = PBXBuildFile; fileRef = F10000000000000000000007 /* GoalsView.swift */; };
		A10000000000000000000008 /* ReviewView.swift in Sources */ = {isa = PBXBuildFile; fileRef = F10000000000000000000008 /* ReviewView.swift */; };
		A10000000000000000000009 /* SettingsView.swift in Sources */ = {isa = PBXBuildFile; fileRef = F10000000000000000000009 /* SettingsView.swift */; };
		A1000000000000000000000A /* AddPlanSheet.swift in Sources */ = {isa = PBXBuildFile; fileRef = F1000000000000000000000A /* AddPlanSheet.swift */; };
		A1000000000000000000000B /* Assets.xcassets in Resources */ = {isa = PBXBuildFile; fileRef = F1000000000000000000000B /* Assets.xcassets */; };
		A10000000000000000000080 /* record-classification.json in Resources */ = {isa = PBXBuildFile; fileRef = F10000000000000000000080 /* record-classification.json */; };
		A10000000000000000000081 /* record-classification.json in Resources */ = {isa = PBXBuildFile; fileRef = F10000000000000000000080 /* record-classification.json */; };
		A10000000000000000000082 /* record-classification.json in Resources */ = {isa = PBXBuildFile; fileRef = F10000000000000000000080 /* record-classification.json */; };
		A1000000000000000000000C /* TimeScaleTests.swift in Sources */ = {isa = PBXBuildFile; fileRef = F1000000000000000000000C /* TimeScaleTests.swift */; };
		A1000000000000000000000D /* DraftComponents.swift in Sources */ = {isa = PBXBuildFile; fileRef = F1000000000000000000000D /* DraftComponents.swift */; };
		A1000000000000000000000E /* DetailViews.swift in Sources */ = {isa = PBXBuildFile; fileRef = F1000000000000000000000E /* DetailViews.swift */; };
		A1000000000000000000000F /* FeatureModels.swift in Sources */ = {isa = PBXBuildFile; fileRef = F1000000000000000000000F /* FeatureModels.swift */; };
		A10000000000000000000010 /* PlanRepository.swift in Sources */ = {isa = PBXBuildFile; fileRef = F10000000000000000000010 /* PlanRepository.swift */; };
		A10000000000000000000011 /* PlanningEngine.swift in Sources */ = {isa = PBXBuildFile; fileRef = F10000000000000000000011 /* PlanningEngine.swift */; };
		A10000000000000000000012 /* TemplatesAndSettings.swift in Sources */ = {isa = PBXBuildFile; fileRef = F10000000000000000000012 /* TemplatesAndSettings.swift */; };
		A10000000000000000000013 /* SensorFusion.swift in Sources */ = {isa = PBXBuildFile; fileRef = F10000000000000000000013 /* SensorFusion.swift */; };
		A10000000000000000000071 /* StationaryContextClassifier.swift in Sources */ = {isa = PBXBuildFile; fileRef = F10000000000000000000071 /* StationaryContextClassifier.swift */; };
		A10000000000000000000014 /* AppleIntegrations.swift in Sources */ = {isa = PBXBuildFile; fileRef = F10000000000000000000014 /* AppleIntegrations.swift */; };
		A10000000000000000000015 /* LiveActivitySupport.swift in Sources */ = {isa = PBXBuildFile; fileRef = F10000000000000000000015 /* LiveActivitySupport.swift */; };
		A10000000000000000000016 /* FeatureEngineTests.swift in Sources */ = {isa = PBXBuildFile; fileRef = F10000000000000000000016 /* FeatureEngineTests.swift */; };
		A10000000000000000000018 /* NavigationModels.swift in Sources */ = {isa = PBXBuildFile; fileRef = F10000000000000000000018 /* NavigationModels.swift */; };
		A10000000000000000000019 /* CatPresentation.swift in Sources */ = {isa = PBXBuildFile; fileRef = F10000000000000000000019 /* CatPresentation.swift */; };
		A1000000000000000000001A /* TimelineInteractionEngine.swift in Sources */ = {isa = PBXBuildFile; fileRef = F1000000000000000000001A /* TimelineInteractionEngine.swift */; };
		A1000000000000000000001B /* HealthAndSensorModels.swift in Sources */ = {isa = PBXBuildFile; fileRef = F1000000000000000000001B /* HealthAndSensorModels.swift */; };
		A1000000000000000000001C /* SleepAnalysisEngine.swift in Sources */ = {isa = PBXBuildFile; fileRef = F1000000000000000000001C /* SleepAnalysisEngine.swift */; };
		A1000000000000000000001D /* SensorDataServices.swift in Sources */ = {isa = PBXBuildFile; fileRef = F1000000000000000000001D /* SensorDataServices.swift */; };
		A1000000000000000000001E /* WidgetShared.swift in Sources */ = {isa = PBXBuildFile; fileRef = F1000000000000000000001F /* WidgetShared.swift */; };
		A1000000000000000000001F /* TaptionPlanWidget.swift in Sources */ = {isa = PBXBuildFile; fileRef = F10000000000000000000020 /* TaptionPlanWidget.swift */; };
		A10000000000000000000020 /* WidgetShared.swift in Sources */ = {isa = PBXBuildFile; fileRef = F1000000000000000000001F /* WidgetShared.swift */; };
		A10000000000000000000021 /* TaptionPlanWidget.appex in Embed App Extensions */ = {isa = PBXBuildFile; fileRef = C10000000000000000000003 /* TaptionPlanWidget.appex */; settings = {ATTRIBUTES = (RemoveHeadersOnCopy, ); }; };
		A10000000000000000000022 /* FeatureModels.swift in Sources */ = {isa = PBXBuildFile; fileRef = F1000000000000000000000F /* FeatureModels.swift */; };
		A10000000000000000000023 /* HealthAndSensorModels.swift in Sources */ = {isa = PBXBuildFile; fileRef = F1000000000000000000001B /* HealthAndSensorModels.swift */; };
		A10000000000000000000024 /* PlanningEngine.swift in Sources */ = {isa = PBXBuildFile; fileRef = F10000000000000000000011 /* PlanningEngine.swift */; };
		A10000000000000000000025 /* PlanRepository.swift in Sources */ = {isa = PBXBuildFile; fileRef = F10000000000000000000010 /* PlanRepository.swift */; };
		A10000000000000000000026 /* StoreKitSupport.swift in Sources */ = {isa = PBXBuildFile; fileRef = F10000000000000000000023 /* StoreKitSupport.swift */; };
		A10000000000000000000027 /* CategoryManagerView.swift in Sources */ = {isa = PBXBuildFile; fileRef = F10000000000000000000024 /* CategoryManagerView.swift */; };
		A10000000000000000000028 /* PlanEditorSheet.swift in Sources */ = {isa = PBXBuildFile; fileRef = F10000000000000000000025 /* PlanEditorSheet.swift */; };
		A10000000000000000000029 /* PhotoClusterSheet.swift in Sources */ = {isa = PBXBuildFile; fileRef = F10000000000000000000026 /* PhotoClusterSheet.swift */; };
		A1000000000000000000002A /* WatchSyncModels.swift in Sources */ = {isa = PBXBuildFile; fileRef = F10000000000000000000029 /* WatchSyncModels.swift */; };
		A1000000000000000000002B /* WatchConnectivitySupport.swift in Sources */ = {isa = PBXBuildFile; fileRef = F1000000000000000000002A /* WatchConnectivitySupport.swift */; };
		A10000000000000000000060 /* WatchLaunchDiagnostics.swift in Sources */ = {isa = PBXBuildFile; fileRef = F10000000000000000000060 /* WatchLaunchDiagnostics.swift */; };
		A1000000000000000000002C /* TaptionPlanWatchApp.swift in Sources */ = {isa = PBXBuildFile; fileRef = F1000000000000000000002B /* TaptionPlanWatchApp.swift */; };
		A1000000000000000000002D /* WatchConnectivityController.swift in Sources */ = {isa = PBXBuildFile; fileRef = F1000000000000000000002C /* WatchConnectivityController.swift */; };
		A1000000000000000000002E /* WatchWorkoutManager.swift in Sources */ = {isa = PBXBuildFile; fileRef = F1000000000000000000002D /* WatchWorkoutManager.swift */; };
		A10000000000000000000070 /* WatchAmbientSensorRecorder.swift in Sources */ = {isa = PBXBuildFile; fileRef = F10000000000000000000070 /* WatchAmbientSensorRecorder.swift */; };
		A1000000000000000000002F /* ContentView.swift in Sources */ = {isa = PBXBuildFile; fileRef = F1000000000000000000002E /* ContentView.swift */; };
		A10000000000000000000030 /* WatchSyncModels.swift in Sources */ = {isa = PBXBuildFile; fileRef = F10000000000000000000029 /* WatchSyncModels.swift */; };
		A10000000000000000000031 /* TaptionPlanWatch.app in Embed Watch Content */ = {isa = PBXBuildFile; fileRef = C10000000000000000000004 /* TaptionPlanWatch.app */; settings = {ATTRIBUTES = (RemoveHeadersOnCopy, ); }; };
		A10000000000000000000032 /* PhotoGalleryView.swift in Sources */ = {isa = PBXBuildFile; fileRef = F10000000000000000000032 /* PhotoGalleryView.swift */; };
		A10000000000000000000033 /* Assets.xcassets in Resources */ = {isa = PBXBuildFile; fileRef = F10000000000000000000033 /* Assets.xcassets */; };
		A10000000000000000000078 /* Assets.xcassets in Resources */ = {isa = PBXBuildFile; fileRef = F10000000000000000000078 /* Assets.xcassets */; };
		A10000000000000000000079 /* Assets.xcassets in Resources */ = {isa = PBXBuildFile; fileRef = F10000000000000000000033 /* Assets.xcassets */; };
		A10000000000000000000034 /* TaptionPlanWatchWidget.swift in Sources */ = {isa = PBXBuildFile; fileRef = F10000000000000000000034 /* TaptionPlanWatchWidget.swift */; };
		A10000000000000000000035 /* WatchWidgetShared.swift in Sources */ = {isa = PBXBuildFile; fileRef = F10000000000000000000035 /* WatchWidgetShared.swift */; };
		A10000000000000000000036 /* WatchSyncModels.swift in Sources */ = {isa = PBXBuildFile; fileRef = F10000000000000000000029 /* WatchSyncModels.swift */; };
		A10000000000000000000037 /* TaptionPlanWatchWidget.appex in Embed Watch Extensions */ = {isa = PBXBuildFile; fileRef = C10000000000000000000005 /* TaptionPlanWatchWidget.appex */; settings = {ATTRIBUTES = (RemoveHeadersOnCopy, ); }; };
		A10000000000000000000038 /* WatchWidgetShared.swift in Sources */ = {isa = PBXBuildFile; fileRef = F10000000000000000000035 /* WatchWidgetShared.swift */; };
		A10000000000000000000039 /* TimelineBoardModels.swift in Sources */ = {isa = PBXBuildFile; fileRef = F10000000000000000000039 /* TimelineBoardModels.swift */; };
		A1000000000000000000003A /* TimelineBlockStyleViews.swift in Sources */ = {isa = PBXBuildFile; fileRef = F1000000000000000000003A /* TimelineBlockStyleViews.swift */; };
		A1000000000000000000003B /* WidgetPayloadFactory.swift in Sources */ = {isa = PBXBuildFile; fileRef = F1000000000000000000003B /* WidgetPayloadFactory.swift */; };
		A10000000000000000000061 /* RecordSummaryEngine.swift in Sources */ = {isa = PBXBuildFile; fileRef = F10000000000000000000061 /* RecordSummaryEngine.swift */; };
		A1000000000000000000003C /* WidgetPayloadFactory.swift in Sources */ = {isa = PBXBuildFile; fileRef = F1000000000000000000003B /* WidgetPayloadFactory.swift */; };
		A1000000000000000000003D /* WatchSyncModels.swift in Sources */ = {isa = PBXBuildFile; fileRef = F10000000000000000000029 /* WatchSyncModels.swift */; };
		A10000000000000000000040 /* CatAnimationShared.swift in Sources */ = {isa = PBXBuildFile; fileRef = F10000000000000000000040 /* CatAnimationShared.swift */; };
		A10000000000000000000041 /* CatAnimationShared.swift in Sources */ = {isa = PBXBuildFile; fileRef = F10000000000000000000040 /* CatAnimationShared.swift */; };
		A10000000000000000000044 /* ScreenTimeUsageService.swift in Sources */ = {isa = PBXBuildFile; fileRef = F10000000000000000000041 /* ScreenTimeUsageService.swift */; };
		A10000000000000000000072 /* WatchSensorQueryPlan.swift in Sources */ = {isa = PBXBuildFile; fileRef = F10000000000000000000072 /* WatchSensorQueryPlan.swift */; };
		A10000000000000000000073 /* WatchSensorQueryPlan.swift in Sources */ = {isa = PBXBuildFile; fileRef = F10000000000000000000072 /* WatchSensorQueryPlan.swift */; };
		A10000000000000000000074 /* WatchObjCExceptionCatcher.m in Sources */ = {isa = PBXBuildFile; fileRef = F10000000000000000000074 /* WatchObjCExceptionCatcher.m */; };
		A10000000000000000000075 /* WatchSensorQueryPlanTests.swift in Sources */ = {isa = PBXBuildFile; fileRef = F10000000000000000000076 /* WatchSensorQueryPlanTests.swift */; };
		A10000000000000000000076 /* WatchMeasurementAlertTests.swift in Sources */ = {isa = PBXBuildFile; fileRef = F10000000000000000000077 /* WatchMeasurementAlertTests.swift */; };
		A1000000000000000000007A /* DiagnosticsLogSupport.swift in Sources */ = {isa = PBXBuildFile; fileRef = F1000000000000000000007A /* DiagnosticsLogSupport.swift */; };
		A1000000000000000000007B /* DiagnosticsLogSupport.swift in Sources */ = {isa = PBXBuildFile; fileRef = F1000000000000000000007A /* DiagnosticsLogSupport.swift */; };
		A1000000000000000000007C /* SubwayCatalog.swift in Sources */ = {isa = PBXBuildFile; fileRef = F1000000000000000000007C /* SubwayCatalog.swift */; };
		A10000000000000000000085 /* RouteTimelineData.swift in Sources */ = {isa = PBXBuildFile; fileRef = F10000000000000000000085 /* RouteTimelineData.swift */; };
		A10000000000000000000086 /* RouteTimelineDataTests.swift in Sources */ = {isa = PBXBuildFile; fileRef = F10000000000000000000086 /* RouteTimelineDataTests.swift */; };
		A10000000000000000000087 /* MapHomeLocationPresentation.swift in Sources */ = {isa = PBXBuildFile; fileRef = F10000000000000000000087 /* MapHomeLocationPresentation.swift */; };
		A10000000000000000000088 /* BiometricDataProtection.swift in Sources */ = {isa = PBXBuildFile; fileRef = F10000000000000000000088 /* BiometricDataProtection.swift */; };
		A10000000000000000000089 /* SecurityBackupCore.swift in Sources */ = {isa = PBXBuildFile; fileRef = F10000000000000000000089 /* SecurityBackupCore.swift */; };
		A1000000000000000000008A /* SecurityBackupCoreTests.swift in Sources */ = {isa = PBXBuildFile; fileRef = F1000000000000000000008A /* SecurityBackupCoreTests.swift */; };
		A20000000000000000000001 /* AppLanguagePreference.swift in Sources */ = {isa = PBXBuildFile; fileRef = F20000000000000000000001 /* AppLanguagePreference.swift */; };
		A20000000000000000000002 /* AppLanguagePreference.swift in Sources */ = {isa = PBXBuildFile; fileRef = F20000000000000000000001 /* AppLanguagePreference.swift */; };
		A20000000000000000000003 /* AppLanguagePreference.swift in Sources */ = {isa = PBXBuildFile; fileRef = F20000000000000000000001 /* AppLanguagePreference.swift */; };
		A20000000000000000000004 /* AppLanguagePreference.swift in Sources */ = {isa = PBXBuildFile; fileRef = F20000000000000000000001 /* AppLanguagePreference.swift */; };
		A20000000000000000000005 /* SensorBackgroundCoordinator.swift in Sources */ = {isa = PBXBuildFile; fileRef = F20000000000000000000002 /* SensorBackgroundCoordinator.swift */; };
		A20000000000000000000006 /* AppLanguagePreferenceTests.swift in Sources */ = {isa = PBXBuildFile; fileRef = F20000000000000000000003 /* AppLanguagePreferenceTests.swift */; };
		A20000000000000000000007 /* SensorBackgroundCoordinatorTests.swift in Sources */ = {isa = PBXBuildFile; fileRef = F20000000000000000000004 /* SensorBackgroundCoordinatorTests.swift */; };
		A20000000000000000000008 /* Localizable.xcstrings in Resources */ = {isa = PBXBuildFile; fileRef = F20000000000000000000005 /* Localizable.xcstrings */; };
		A20000000000000000000009 /* Localizable.xcstrings in Resources */ = {isa = PBXBuildFile; fileRef = F20000000000000000000006 /* Localizable.xcstrings */; };
		A2000000000000000000000A /* Localizable.xcstrings in Resources */ = {isa = PBXBuildFile; fileRef = F20000000000000000000007 /* Localizable.xcstrings */; };
		A2000000000000000000000B /* Localizable.xcstrings in Resources */ = {isa = PBXBuildFile; fileRef = F20000000000000000000008 /* Localizable.xcstrings */; };
		A2000000000000000000000C /* InfoPlist.xcstrings in Resources */ = {isa = PBXBuildFile; fileRef = F20000000000000000000009 /* InfoPlist.xcstrings */; };
		A2000000000000000000000D /* InfoPlist.xcstrings in Resources */ = {isa = PBXBuildFile; fileRef = F2000000000000000000000A /* InfoPlist.xcstrings */; };
		A2000000000000000000000E /* InfoPlist.xcstrings in Resources */ = {isa = PBXBuildFile; fileRef = F2000000000000000000000B /* InfoPlist.xcstrings */; };
		A2000000000000000000000F /* InfoPlist.xcstrings in Resources */ = {isa = PBXBuildFile; fileRef = F2000000000000000000000C /* InfoPlist.xcstrings */; };
		A20000000000000000000010 /* LocalizationCatalogTests.swift in Sources */ = {isa = PBXBuildFile; fileRef = F2000000000000000000000D /* LocalizationCatalogTests.swift */; };
		A20000000000000000000011 /* DiagnosticsLogSupportTests.swift in Sources */ = {isa = PBXBuildFile; fileRef = F2000000000000000000000E /* DiagnosticsLogSupportTests.swift */; };
		A30000000000000000000001 /* TaptionPlanCore in Frameworks */ = {isa = PBXBuildFile; productRef = X30000000000000000000002 /* TaptionPlanCore */; };
		A1000000000000000000007D /* MapHomeView.swift in Sources */ = {isa = PBXBuildFile; fileRef = F1000000000000000000007D /* MapHomeView.swift */; };
		A1000000000000000000007F /* MapHomeCalendarSheet.swift in Sources */ = {isa = PBXBuildFile; fileRef = F1000000000000000000007F /* MapHomeCalendarSheet.swift */; };
		A10000000000000000000083 /* MapHomeTimeSidebar.swift in Sources */ = {isa = PBXBuildFile; fileRef = F10000000000000000000083 /* MapHomeTimeSidebar.swift */; };
		/* End PBXBuildFile section */

/* Begin PBXContainerItemProxy section */
		B10000000000000000000001 /* PBXContainerItemProxy */ = {
			isa = PBXContainerItemProxy;
			containerPortal = D10000000000000000000001 /* Project object */;
			proxyType = 1;
			remoteGlobalIDString = E10000000000000000000001;
			remoteInfo = TaptionPlan;
		};
		B10000000000000000000002 /* PBXContainerItemProxy */ = {
			isa = PBXContainerItemProxy;
			containerPortal = D10000000000000000000001 /* Project object */;
			proxyType = 1;
			remoteGlobalIDString = E10000000000000000000003;
			remoteInfo = TaptionPlanWidget;
		};
		B10000000000000000000003 /* PBXContainerItemProxy */ = {
			isa = PBXContainerItemProxy;
			containerPortal = D10000000000000000000001 /* Project object */;
			proxyType = 1;
			remoteGlobalIDString = E10000000000000000000004;
			remoteInfo = TaptionPlanWatch;
		};
		B10000000000000000000004 /* PBXContainerItemProxy */ = {
			isa = PBXContainerItemProxy;
			containerPortal = D10000000000000000000001 /* Project object */;
			proxyType = 1;
			remoteGlobalIDString = E10000000000000000000005;
			remoteInfo = TaptionPlanWatchWidget;
		};
/* End PBXContainerItemProxy section */

/* Begin PBXCopyFilesBuildPhase section */
		940000000000000000000001 /* Embed App Extensions */ = {
			isa = PBXCopyFilesBuildPhase;
			buildActionMask = 2147483647;
			dstPath = "";
			dstSubfolderSpec = 13;
			files = (
				A10000000000000000000021 /* TaptionPlanWidget.appex in Embed App Extensions */,
			);
			name = "Embed App Extensions";
			runOnlyForDeploymentPostprocessing = 0;
		};
		940000000000000000000002 /* Embed Watch Content */ = {
			isa = PBXCopyFilesBuildPhase;
			buildActionMask = 2147483647;
			dstPath = "$(CONTENTS_FOLDER_PATH)/Watch";
			dstSubfolderSpec = 16;
			files = (
				A10000000000000000000031 /* TaptionPlanWatch.app in Embed Watch Content */,
			);
			name = "Embed Watch Content";
			runOnlyForDeploymentPostprocessing = 0;
		};
		940000000000000000000003 /* Embed Watch Extensions */ = {
			isa = PBXCopyFilesBuildPhase;
			buildActionMask = 2147483647;
			dstPath = "";
			dstSubfolderSpec = 13;
			files = (
				A10000000000000000000037 /* TaptionPlanWatchWidget.appex in Embed Watch Extensions */,
			);
			name = "Embed Watch Extensions";
			runOnlyForDeploymentPostprocessing = 0;
		};
/* End PBXCopyFilesBuildPhase section */

/* Begin PBXFileReference section */
		C10000000000000000000001 /* TaptionPlan.app */ = {isa = PBXFileReference; explicitFileType = wrapper.application; includeInIndex = 0; path = TaptionPlan.app; sourceTree = BUILT_PRODUCTS_DIR; };
		C10000000000000000000002 /* TaptionPlanTests.xctest */ = {isa = PBXFileReference; explicitFileType = wrapper.cfbundle; includeInIndex = 0; path = TaptionPlanTests.xctest; sourceTree = BUILT_PRODUCTS_DIR; };
		C10000000000000000000003 /* TaptionPlanWidget.appex */ = {isa = PBXFileReference; explicitFileType = "wrapper.app-extension"; includeInIndex = 0; path = TaptionPlanWidget.appex; sourceTree = BUILT_PRODUCTS_DIR; };
		C10000000000000000000004 /* TaptionPlanWatch.app */ = {isa = PBXFileReference; explicitFileType = wrapper.application; includeInIndex = 0; path = TaptionPlanWatch.app; sourceTree = BUILT_PRODUCTS_DIR; };
		C10000000000000000000005 /* TaptionPlanWatchWidget.appex */ = {isa = PBXFileReference; explicitFileType = "wrapper.app-extension"; includeInIndex = 0; path = TaptionPlanWatchWidget.appex; sourceTree = BUILT_PRODUCTS_DIR; };
		F10000000000000000000001 /* TaptionPlanApp.swift */ = {isa = PBXFileReference; lastKnownFileType = sourcecode.swift; path = TaptionPlanApp.swift; sourceTree = "<group>"; };
		F10000000000000000000002 /* AppModel.swift */ = {isa = PBXFileReference; lastKnownFileType = sourcecode.swift; path = AppModel.swift; sourceTree = "<group>"; };
		F10000000000000000000003 /* PlanItem.swift */ = {isa = PBXFileReference; lastKnownFileType = sourcecode.swift; path = PlanItem.swift; sourceTree = "<group>"; };
		F10000000000000000000004 /* Theme.swift */ = {isa = PBXFileReference; lastKnownFileType = sourcecode.swift; path = Theme.swift; sourceTree = "<group>"; };
		F10000000000000000000005 /* AppShellView.swift */ = {isa = PBXFileReference; lastKnownFileType = sourcecode.swift; path = AppShellView.swift; sourceTree = "<group>"; };
		F10000000000000000000006 /* ScheduleView.swift */ = {isa = PBXFileReference; lastKnownFileType = sourcecode.swift; path = ScheduleView.swift; sourceTree = "<group>"; };
		F10000000000000000000007 /* GoalsView.swift */ = {isa = PBXFileReference; lastKnownFileType = sourcecode.swift; path = GoalsView.swift; sourceTree = "<group>"; };
		F10000000000000000000008 /* ReviewView.swift */ = {isa = PBXFileReference; lastKnownFileType = sourcecode.swift; path = ReviewView.swift; sourceTree = "<group>"; };
		F10000000000000000000009 /* SettingsView.swift */ = {isa = PBXFileReference; lastKnownFileType = sourcecode.swift; path = SettingsView.swift; sourceTree = "<group>"; };
		F1000000000000000000000A /* AddPlanSheet.swift */ = {isa = PBXFileReference; lastKnownFileType = sourcecode.swift; path = AddPlanSheet.swift; sourceTree = "<group>"; };
		F1000000000000000000000B /* Assets.xcassets */ = {isa = PBXFileReference; lastKnownFileType = folder.assetcatalog; path = Assets.xcassets; sourceTree = "<group>"; };
		F1000000000000000000000C /* TimeScaleTests.swift */ = {isa = PBXFileReference; lastKnownFileType = sourcecode.swift; path = TimeScaleTests.swift; sourceTree = "<group>"; };
		F1000000000000000000000D /* DraftComponents.swift */ = {isa = PBXFileReference; lastKnownFileType = sourcecode.swift; path = DraftComponents.swift; sourceTree = "<group>"; };
		F1000000000000000000000E /* DetailViews.swift */ = {isa = PBXFileReference; lastKnownFileType = sourcecode.swift; path = DetailViews.swift; sourceTree = "<group>"; };
		F1000000000000000000000F /* FeatureModels.swift */ = {isa = PBXFileReference; lastKnownFileType = sourcecode.swift; path = FeatureModels.swift; sourceTree = "<group>"; };
		F10000000000000000000010 /* PlanRepository.swift */ = {isa = PBXFileReference; lastKnownFileType = sourcecode.swift; path = PlanRepository.swift; sourceTree = "<group>"; };
		F10000000000000000000011 /* PlanningEngine.swift */ = {isa = PBXFileReference; lastKnownFileType = sourcecode.swift; path = PlanningEngine.swift; sourceTree = "<group>"; };
		F10000000000000000000012 /* TemplatesAndSettings.swift */ = {isa = PBXFileReference; lastKnownFileType = sourcecode.swift; path = TemplatesAndSettings.swift; sourceTree = "<group>"; };
		F10000000000000000000013 /* SensorFusion.swift */ = {isa = PBXFileReference; lastKnownFileType = sourcecode.swift; path = SensorFusion.swift; sourceTree = "<group>"; };
		F10000000000000000000071 /* StationaryContextClassifier.swift */ = {isa = PBXFileReference; lastKnownFileType = sourcecode.swift; path = StationaryContextClassifier.swift; sourceTree = "<group>"; };
		F10000000000000000000014 /* AppleIntegrations.swift */ = {isa = PBXFileReference; lastKnownFileType = sourcecode.swift; path = AppleIntegrations.swift; sourceTree = "<group>"; };
		F10000000000000000000015 /* LiveActivitySupport.swift */ = {isa = PBXFileReference; lastKnownFileType = sourcecode.swift; path = LiveActivitySupport.swift; sourceTree = "<group>"; };
		F10000000000000000000016 /* FeatureEngineTests.swift */ = {isa = PBXFileReference; lastKnownFileType = sourcecode.swift; path = FeatureEngineTests.swift; sourceTree = "<group>"; };
		F10000000000000000000017 /* TaptionPlan.entitlements */ = {isa = PBXFileReference; lastKnownFileType = text.plist.entitlements; path = TaptionPlan.entitlements; sourceTree = "<group>"; };
		F10000000000000000000018 /* NavigationModels.swift */ = {isa = PBXFileReference; lastKnownFileType = sourcecode.swift; path = NavigationModels.swift; sourceTree = "<group>"; };
		F10000000000000000000019 /* CatPresentation.swift */ = {isa = PBXFileReference; lastKnownFileType = sourcecode.swift; path = CatPresentation.swift; sourceTree = "<group>"; };
		F1000000000000000000001A /* TimelineInteractionEngine.swift */ = {isa = PBXFileReference; lastKnownFileType = sourcecode.swift; path = TimelineInteractionEngine.swift; sourceTree = "<group>"; };
		F1000000000000000000001B /* HealthAndSensorModels.swift */ = {isa = PBXFileReference; lastKnownFileType = sourcecode.swift; path = HealthAndSensorModels.swift; sourceTree = "<group>"; };
		F1000000000000000000001C /* SleepAnalysisEngine.swift */ = {isa = PBXFileReference; lastKnownFileType = sourcecode.swift; path = SleepAnalysisEngine.swift; sourceTree = "<group>"; };
		F1000000000000000000001D /* SensorDataServices.swift */ = {isa = PBXFileReference; lastKnownFileType = sourcecode.swift; path = SensorDataServices.swift; sourceTree = "<group>"; };
		F1000000000000000000001E /* Info.plist */ = {isa = PBXFileReference; lastKnownFileType = text.plist.xml; path = Info.plist; sourceTree = "<group>"; };
		F1000000000000000000001F /* WidgetShared.swift */ = {isa = PBXFileReference; lastKnownFileType = sourcecode.swift; path = WidgetShared.swift; sourceTree = "<group>"; };
		F10000000000000000000020 /* TaptionPlanWidget.swift */ = {isa = PBXFileReference; lastKnownFileType = sourcecode.swift; path = TaptionPlanWidget.swift; sourceTree = "<group>"; };
		F10000000000000000000021 /* Info.plist */ = {isa = PBXFileReference; lastKnownFileType = text.plist.xml; path = Info.plist; sourceTree = "<group>"; };
		F10000000000000000000022 /* TaptionPlanWidget.entitlements */ = {isa = PBXFileReference; lastKnownFileType = text.plist.entitlements; path = TaptionPlanWidget.entitlements; sourceTree = "<group>"; };
		F10000000000000000000023 /* StoreKitSupport.swift */ = {isa = PBXFileReference; lastKnownFileType = sourcecode.swift; path = StoreKitSupport.swift; sourceTree = "<group>"; };
		F10000000000000000000024 /* CategoryManagerView.swift */ = {isa = PBXFileReference; lastKnownFileType = sourcecode.swift; path = CategoryManagerView.swift; sourceTree = "<group>"; };
		F10000000000000000000025 /* PlanEditorSheet.swift */ = {isa = PBXFileReference; lastKnownFileType = sourcecode.swift; path = PlanEditorSheet.swift; sourceTree = "<group>"; };
		F10000000000000000000026 /* PhotoClusterSheet.swift */ = {isa = PBXFileReference; lastKnownFileType = sourcecode.swift; path = PhotoClusterSheet.swift; sourceTree = "<group>"; };
		F10000000000000000000027 /* TaptionPlanDebug.entitlements */ = {isa = PBXFileReference; lastKnownFileType = text.plist.entitlements; path = TaptionPlanDebug.entitlements; sourceTree = "<group>"; };
		F10000000000000000000028 /* TaptionPlanWidgetDebug.entitlements */ = {isa = PBXFileReference; lastKnownFileType = text.plist.entitlements; path = TaptionPlanWidgetDebug.entitlements; sourceTree = "<group>"; };
		F10000000000000000000029 /* WatchSyncModels.swift */ = {isa = PBXFileReference; lastKnownFileType = sourcecode.swift; path = WatchSyncModels.swift; sourceTree = "<group>"; };
		F1000000000000000000002A /* WatchConnectivitySupport.swift */ = {isa = PBXFileReference; lastKnownFileType = sourcecode.swift; path = WatchConnectivitySupport.swift; sourceTree = "<group>"; };
		F1000000000000000000002B /* TaptionPlanWatchApp.swift */ = {isa = PBXFileReference; lastKnownFileType = sourcecode.swift; path = TaptionPlanWatchApp.swift; sourceTree = "<group>"; };
		F1000000000000000000002C /* WatchConnectivityController.swift */ = {isa = PBXFileReference; lastKnownFileType = sourcecode.swift; path = WatchConnectivityController.swift; sourceTree = "<group>"; };
		F10000000000000000000060 /* WatchLaunchDiagnostics.swift */ = {isa = PBXFileReference; lastKnownFileType = sourcecode.swift; path = WatchLaunchDiagnostics.swift; sourceTree = "<group>"; };
		F1000000000000000000002D /* WatchWorkoutManager.swift */ = {isa = PBXFileReference; lastKnownFileType = sourcecode.swift; path = WatchWorkoutManager.swift; sourceTree = "<group>"; };
		F10000000000000000000070 /* WatchAmbientSensorRecorder.swift */ = {isa = PBXFileReference; lastKnownFileType = sourcecode.swift; path = WatchAmbientSensorRecorder.swift; sourceTree = "<group>"; };
		F1000000000000000000002E /* ContentView.swift */ = {isa = PBXFileReference; lastKnownFileType = sourcecode.swift; path = ContentView.swift; sourceTree = "<group>"; };
		F1000000000000000000002F /* TaptionPlanWatch.entitlements */ = {isa = PBXFileReference; lastKnownFileType = text.plist.entitlements; path = TaptionPlanWatch.entitlements; sourceTree = "<group>"; };
		F10000000000000000000030 /* TaptionPlanWatchDebug.entitlements */ = {isa = PBXFileReference; lastKnownFileType = text.plist.entitlements; path = TaptionPlanWatchDebug.entitlements; sourceTree = "<group>"; };
		F10000000000000000000031 /* Info.plist */ = {isa = PBXFileReference; lastKnownFileType = text.plist.xml; path = Info.plist; sourceTree = "<group>"; };
		F10000000000000000000032 /* PhotoGalleryView.swift */ = {isa = PBXFileReference; lastKnownFileType = sourcecode.swift; path = PhotoGalleryView.swift; sourceTree = "<group>"; };
		F10000000000000000000033 /* Assets.xcassets */ = {isa = PBXFileReference; lastKnownFileType = folder.assetcatalog; path = Assets.xcassets; sourceTree = "<group>"; };
		F10000000000000000000078 /* Assets.xcassets */ = {isa = PBXFileReference; lastKnownFileType = folder.assetcatalog; path = Assets.xcassets; sourceTree = "<group>"; };
		F10000000000000000000034 /* TaptionPlanWatchWidget.swift */ = {isa = PBXFileReference; lastKnownFileType = sourcecode.swift; path = TaptionPlanWatchWidget.swift; sourceTree = "<group>"; };
		F10000000000000000000035 /* WatchWidgetShared.swift */ = {isa = PBXFileReference; lastKnownFileType = sourcecode.swift; path = WatchWidgetShared.swift; sourceTree = "<group>"; };
		F10000000000000000000036 /* Info.plist */ = {isa = PBXFileReference; lastKnownFileType = text.plist.xml; path = Info.plist; sourceTree = "<group>"; };
		F10000000000000000000037 /* TaptionPlanWatchWidget.entitlements */ = {isa = PBXFileReference; lastKnownFileType = text.plist.entitlements; path = TaptionPlanWatchWidget.entitlements; sourceTree = "<group>"; };
		F10000000000000000000038 /* TaptionPlanWatchWidgetDebug.entitlements */ = {isa = PBXFileReference; lastKnownFileType = text.plist.entitlements; path = TaptionPlanWatchWidgetDebug.entitlements; sourceTree = "<group>"; };
		F10000000000000000000039 /* TimelineBoardModels.swift */ = {isa = PBXFileReference; lastKnownFileType = sourcecode.swift; path = TimelineBoardModels.swift; sourceTree = "<group>"; };
		F1000000000000000000003A /* TimelineBlockStyleViews.swift */ = {isa = PBXFileReference; lastKnownFileType = sourcecode.swift; path = TimelineBlockStyleViews.swift; sourceTree = "<group>"; };
		F1000000000000000000003B /* WidgetPayloadFactory.swift */ = {isa = PBXFileReference; lastKnownFileType = sourcecode.swift; path = WidgetPayloadFactory.swift; sourceTree = "<group>"; };
		F10000000000000000000061 /* RecordSummaryEngine.swift */ = {isa = PBXFileReference; lastKnownFileType = sourcecode.swift; path = RecordSummaryEngine.swift; sourceTree = "<group>"; };
		F10000000000000000000040 /* CatAnimationShared.swift */ = {isa = PBXFileReference; lastKnownFileType = sourcecode.swift; path = CatAnimationShared.swift; sourceTree = "<group>"; };
		F10000000000000000000041 /* ScreenTimeUsageService.swift */ = {isa = PBXFileReference; lastKnownFileType = sourcecode.swift; path = ScreenTimeUsageService.swift; sourceTree = "<group>"; };
		F10000000000000000000072 /* WatchSensorQueryPlan.swift */ = {isa = PBXFileReference; lastKnownFileType = sourcecode.swift; path = WatchSensorQueryPlan.swift; sourceTree = "<group>"; };
		F1000000000000000000007A /* DiagnosticsLogSupport.swift */ = {isa = PBXFileReference; lastKnownFileType = sourcecode.swift; path = DiagnosticsLogSupport.swift; sourceTree = "<group>"; };
		F1000000000000000000007C /* SubwayCatalog.swift */ = {isa = PBXFileReference; lastKnownFileType = sourcecode.swift; path = SubwayCatalog.swift; sourceTree = "<group>"; };
		F10000000000000000000085 /* RouteTimelineData.swift */ = {isa = PBXFileReference; lastKnownFileType = sourcecode.swift; path = RouteTimelineData.swift; sourceTree = "<group>"; };
		F10000000000000000000086 /* RouteTimelineDataTests.swift */ = {isa = PBXFileReference; lastKnownFileType = sourcecode.swift; path = RouteTimelineDataTests.swift; sourceTree = "<group>"; };
		F10000000000000000000087 /* MapHomeLocationPresentation.swift */ = {isa = PBXFileReference; lastKnownFileType = sourcecode.swift; path = MapHomeLocationPresentation.swift; sourceTree = "<group>"; };
		F10000000000000000000088 /* BiometricDataProtection.swift */ = {isa = PBXFileReference; lastKnownFileType = sourcecode.swift; path = BiometricDataProtection.swift; sourceTree = "<group>"; };
		F10000000000000000000091 /* Products.storekit */ = {isa = PBXFileReference; lastKnownFileType = text; path = Products.storekit; sourceTree = "<group>"; };
		F10000000000000000000089 /* SecurityBackupCore.swift */ = {isa = PBXFileReference; lastKnownFileType = sourcecode.swift; path = SecurityBackupCore.swift; sourceTree = "<group>"; };
		F1000000000000000000008A /* SecurityBackupCoreTests.swift */ = {isa = PBXFileReference; lastKnownFileType = sourcecode.swift; path = SecurityBackupCoreTests.swift; sourceTree = "<group>"; };
		F20000000000000000000001 /* AppLanguagePreference.swift */ = {isa = PBXFileReference; lastKnownFileType = sourcecode.swift; path = AppLanguagePreference.swift; sourceTree = "<group>"; };
		F20000000000000000000002 /* SensorBackgroundCoordinator.swift */ = {isa = PBXFileReference; lastKnownFileType = sourcecode.swift; path = SensorBackgroundCoordinator.swift; sourceTree = "<group>"; };
		F20000000000000000000003 /* AppLanguagePreferenceTests.swift */ = {isa = PBXFileReference; lastKnownFileType = sourcecode.swift; path = AppLanguagePreferenceTests.swift; sourceTree = "<group>"; };
		F20000000000000000000004 /* SensorBackgroundCoordinatorTests.swift */ = {isa = PBXFileReference; lastKnownFileType = sourcecode.swift; path = SensorBackgroundCoordinatorTests.swift; sourceTree = "<group>"; };
		F20000000000000000000005 /* Localizable.xcstrings */ = {isa = PBXFileReference; lastKnownFileType = text.json.xcstrings; path = Localizable.xcstrings; sourceTree = "<group>"; };
		F20000000000000000000006 /* Localizable.xcstrings */ = {isa = PBXFileReference; lastKnownFileType = text.json.xcstrings; path = Localizable.xcstrings; sourceTree = "<group>"; };
		F20000000000000000000007 /* Localizable.xcstrings */ = {isa = PBXFileReference; lastKnownFileType = text.json.xcstrings; path = Localizable.xcstrings; sourceTree = "<group>"; };
		F20000000000000000000008 /* Localizable.xcstrings */ = {isa = PBXFileReference; lastKnownFileType = text.json.xcstrings; path = Localizable.xcstrings; sourceTree = "<group>"; };
		F20000000000000000000009 /* InfoPlist.xcstrings */ = {isa = PBXFileReference; lastKnownFileType = text.json.xcstrings; path = InfoPlist.xcstrings; sourceTree = "<group>"; };
		F2000000000000000000000A /* InfoPlist.xcstrings */ = {isa = PBXFileReference; lastKnownFileType = text.json.xcstrings; path = InfoPlist.xcstrings; sourceTree = "<group>"; };
		F2000000000000000000000B /* InfoPlist.xcstrings */ = {isa = PBXFileReference; lastKnownFileType = text.json.xcstrings; path = InfoPlist.xcstrings; sourceTree = "<group>"; };
		F2000000000000000000000C /* InfoPlist.xcstrings */ = {isa = PBXFileReference; lastKnownFileType = text.json.xcstrings; path = InfoPlist.xcstrings; sourceTree = "<group>"; };
		F2000000000000000000000D /* LocalizationCatalogTests.swift */ = {isa = PBXFileReference; lastKnownFileType = sourcecode.swift; path = LocalizationCatalogTests.swift; sourceTree = "<group>"; };
		F2000000000000000000000E /* DiagnosticsLogSupportTests.swift */ = {isa = PBXFileReference; lastKnownFileType = sourcecode.swift; path = DiagnosticsLogSupportTests.swift; sourceTree = "<group>"; };
		F1000000000000000000007D /* MapHomeView.swift */ = {isa = PBXFileReference; lastKnownFileType = sourcecode.swift; path = MapHomeView.swift; sourceTree = "<group>"; };
		F1000000000000000000007F /* MapHomeCalendarSheet.swift */ = {isa = PBXFileReference; lastKnownFileType = sourcecode.swift; path = MapHomeCalendarSheet.swift; sourceTree = "<group>"; };
		F10000000000000000000083 /* MapHomeTimeSidebar.swift */ = {isa = PBXFileReference; lastKnownFileType = sourcecode.swift; path = MapHomeTimeSidebar.swift; sourceTree = "<group>"; };
		F10000000000000000000073 /* WatchObjCExceptionCatcher.h */ = {isa = PBXFileReference; lastKnownFileType = sourcecode.c.h; path = WatchObjCExceptionCatcher.h; sourceTree = "<group>"; };
		F10000000000000000000074 /* WatchObjCExceptionCatcher.m */ = {isa = PBXFileReference; lastKnownFileType = sourcecode.c.objc; path = WatchObjCExceptionCatcher.m; sourceTree = "<group>"; };
		F10000000000000000000075 /* TaptionPlanWatch-Bridging-Header.h */ = {isa = PBXFileReference; lastKnownFileType = sourcecode.c.h; path = "TaptionPlanWatch-Bridging-Header.h"; sourceTree = "<group>"; };
		F10000000000000000000076 /* WatchSensorQueryPlanTests.swift */ = {isa = PBXFileReference; lastKnownFileType = sourcecode.swift; path = WatchSensorQueryPlanTests.swift; sourceTree = "<group>"; };
		F10000000000000000000077 /* WatchMeasurementAlertTests.swift */ = {isa = PBXFileReference; lastKnownFileType = sourcecode.swift; path = WatchMeasurementAlertTests.swift; sourceTree = "<group>"; };
		F10000000000000000000080 /* record-classification.json */ = {isa = PBXFileReference; lastKnownFileType = text.json; path = "record-classification.json"; sourceTree = "<group>"; };
/* End PBXFileReference section */

/* Begin PBXFrameworksBuildPhase section */
		910000000000000000000001 /* Frameworks */ = {
			isa = PBXFrameworksBuildPhase;
			buildActionMask = 2147483647;
			files = (
				A30000000000000000000001 /* TaptionPlanCore in Frameworks */,
			);
			runOnlyForDeploymentPostprocessing = 0;
		};
		910000000000000000000002 /* Frameworks */ = {
			isa = PBXFrameworksBuildPhase;
			buildActionMask = 2147483647;
			files = (
			);
			runOnlyForDeploymentPostprocessing = 0;
		};
		910000000000000000000003 /* Frameworks */ = {
			isa = PBXFrameworksBuildPhase;
			buildActionMask = 2147483647;
			files = (
			);
			runOnlyForDeploymentPostprocessing = 0;
		};
		910000000000000000000004 /* Frameworks */ = {
			isa = PBXFrameworksBuildPhase;
			buildActionMask = 2147483647;
			files = (
			);
			runOnlyForDeploymentPostprocessing = 0;
		};
		910000000000000000000005 /* Frameworks */ = {
			isa = PBXFrameworksBuildPhase;
			buildActionMask = 2147483647;
			files = (
			);
			runOnlyForDeploymentPostprocessing = 0;
		};
/* End PBXFrameworksBuildPhase section */

/* Begin PBXGroup section */
		810000000000000000000001 = {
			isa = PBXGroup;
			children = (
				810000000000000000000003 /* TaptionPlan */,
				810000000000000000000004 /* TaptionPlanTests */,
				810000000000000000000008 /* TaptionPlanWidget */,
				810000000000000000000009 /* TaptionPlanWatch */,
				81000000000000000000000A /* TaptionPlanWatchWidget */,
				810000000000000000000002 /* Products */,
			);
			sourceTree = "<group>";
		};
		810000000000000000000002 /* Products */ = {
			isa = PBXGroup;
			children = (
				C10000000000000000000001 /* TaptionPlan.app */,
				C10000000000000000000002 /* TaptionPlanTests.xctest */,
				C10000000000000000000003 /* TaptionPlanWidget.appex */,
				C10000000000000000000004 /* TaptionPlanWatch.app */,
				C10000000000000000000005 /* TaptionPlanWatchWidget.appex */,
			);
			name = Products;
			sourceTree = "<group>";
		};
		810000000000000000000003 /* TaptionPlan */ = {
			isa = PBXGroup;
			children = (
				F10000000000000000000001 /* TaptionPlanApp.swift */,
				810000000000000000000005 /* UI */,
				810000000000000000000006 /* UX */,
				810000000000000000000007 /* Core */,
				F10000000000000000000017 /* TaptionPlan.entitlements */,
				F10000000000000000000027 /* TaptionPlanDebug.entitlements */,
				F1000000000000000000001E /* Info.plist */,
				F1000000000000000000000B /* Assets.xcassets */,
				F20000000000000000000005 /* Localizable.xcstrings */,
				F20000000000000000000009 /* InfoPlist.xcstrings */,
			);
			path = TaptionPlan;
			sourceTree = "<group>";
		};
		810000000000000000000004 /* TaptionPlanTests */ = {
			isa = PBXGroup;
			children = (
				F1000000000000000000000C /* TimeScaleTests.swift */,
				F10000000000000000000016 /* FeatureEngineTests.swift */,
				F10000000000000000000076 /* WatchSensorQueryPlanTests.swift */,
				F10000000000000000000077 /* WatchMeasurementAlertTests.swift */,
				F10000000000000000000086 /* RouteTimelineDataTests.swift */,
				F1000000000000000000008A /* SecurityBackupCoreTests.swift */,
				F20000000000000000000003 /* AppLanguagePreferenceTests.swift */,
				F20000000000000000000004 /* SensorBackgroundCoordinatorTests.swift */,
				F2000000000000000000000D /* LocalizationCatalogTests.swift */,
				F2000000000000000000000E /* DiagnosticsLogSupportTests.swift */,
			);
			path = TaptionPlanTests;
			sourceTree = "<group>";
		};
		810000000000000000000005 /* UI */ = {
			isa = PBXGroup;
			children = (
				F1000000000000000000007D /* MapHomeView.swift */,
				F1000000000000000000007F /* MapHomeCalendarSheet.swift */,
				F10000000000000000000083 /* MapHomeTimeSidebar.swift */,
				F10000000000000000000087 /* MapHomeLocationPresentation.swift */,
				F10000000000000000000005 /* AppShellView.swift */,
				F10000000000000000000006 /* ScheduleView.swift */,
				F10000000000000000000007 /* GoalsView.swift */,
				F10000000000000000000008 /* ReviewView.swift */,
				F10000000000000000000009 /* SettingsView.swift */,
				F1000000000000000000000A /* AddPlanSheet.swift */,
				F1000000000000000000000D /* DraftComponents.swift */,
				F1000000000000000000000E /* DetailViews.swift */,
				F10000000000000000000004 /* Theme.swift */,
				F10000000000000000000024 /* CategoryManagerView.swift */,
				F10000000000000000000025 /* PlanEditorSheet.swift */,
				F10000000000000000000026 /* PhotoClusterSheet.swift */,
				F10000000000000000000032 /* PhotoGalleryView.swift */,
				F1000000000000000000003A /* TimelineBlockStyleViews.swift */,
			);
			path = UI;
			sourceTree = "<group>";
		};
		810000000000000000000006 /* UX */ = {
			isa = PBXGroup;
			children = (
				F10000000000000000000002 /* AppModel.swift */,
				F10000000000000000000018 /* NavigationModels.swift */,
				F10000000000000000000019 /* CatPresentation.swift */,
				F1000000000000000000001A /* TimelineInteractionEngine.swift */,
				F10000000000000000000039 /* TimelineBoardModels.swift */,
			);
			path = UX;
			sourceTree = "<group>";
		};
		810000000000000000000007 /* Core */ = {
			isa = PBXGroup;
			children = (
				F10000000000000000000003 /* PlanItem.swift */,
				F1000000000000000000000F /* FeatureModels.swift */,
				F10000000000000000000080 /* record-classification.json */,
				F10000000000000000000010 /* PlanRepository.swift */,
				F10000000000000000000011 /* PlanningEngine.swift */,
				F10000000000000000000012 /* TemplatesAndSettings.swift */,
				F10000000000000000000013 /* SensorFusion.swift */,
				F10000000000000000000071 /* StationaryContextClassifier.swift */,
				F10000000000000000000014 /* AppleIntegrations.swift */,
				F10000000000000000000015 /* LiveActivitySupport.swift */,
				F1000000000000000000001B /* HealthAndSensorModels.swift */,
				F1000000000000000000001C /* SleepAnalysisEngine.swift */,
				F1000000000000000000001D /* SensorDataServices.swift */,
				F10000000000000000000040 /* CatAnimationShared.swift */,
				F10000000000000000000041 /* ScreenTimeUsageService.swift */,
				F1000000000000000000001F /* WidgetShared.swift */,
				F1000000000000000000003B /* WidgetPayloadFactory.swift */,
				F10000000000000000000061 /* RecordSummaryEngine.swift */,
				F10000000000000000000023 /* StoreKitSupport.swift */,
				F10000000000000000000091 /* Products.storekit */,
				F10000000000000000000029 /* WatchSyncModels.swift */,
				F1000000000000000000002A /* WatchConnectivitySupport.swift */,
				F10000000000000000000072 /* WatchSensorQueryPlan.swift */,
				F1000000000000000000007A /* DiagnosticsLogSupport.swift */,
				F1000000000000000000007C /* SubwayCatalog.swift */,
				F10000000000000000000085 /* RouteTimelineData.swift */,
				F10000000000000000000088 /* BiometricDataProtection.swift */,
				F10000000000000000000089 /* SecurityBackupCore.swift */,
				F20000000000000000000001 /* AppLanguagePreference.swift */,
				F20000000000000000000002 /* SensorBackgroundCoordinator.swift */,
			);
			path = Core;
			sourceTree = "<group>";
		};
		810000000000000000000008 /* TaptionPlanWidget */ = {
			isa = PBXGroup;
			children = (
				F10000000000000000000078 /* Assets.xcassets */,
				F10000000000000000000020 /* TaptionPlanWidget.swift */,
				F10000000000000000000021 /* Info.plist */,
				F10000000000000000000022 /* TaptionPlanWidget.entitlements */,
				F10000000000000000000028 /* TaptionPlanWidgetDebug.entitlements */,
				F20000000000000000000006 /* Localizable.xcstrings */,
				F2000000000000000000000A /* InfoPlist.xcstrings */,
			);
			path = TaptionPlanWidget;
			sourceTree = "<group>";
		};
		810000000000000000000009 /* TaptionPlanWatch */ = {
			isa = PBXGroup;
			children = (
				F10000000000000000000033 /* Assets.xcassets */,
				F1000000000000000000002B /* TaptionPlanWatchApp.swift */,
				F1000000000000000000002C /* WatchConnectivityController.swift */,
				F10000000000000000000060 /* WatchLaunchDiagnostics.swift */,
				F1000000000000000000002D /* WatchWorkoutManager.swift */,
				F10000000000000000000070 /* WatchAmbientSensorRecorder.swift */,
				F10000000000000000000073 /* WatchObjCExceptionCatcher.h */,
				F10000000000000000000074 /* WatchObjCExceptionCatcher.m */,
				F10000000000000000000075 /* TaptionPlanWatch-Bridging-Header.h */,
				F1000000000000000000002E /* ContentView.swift */,
				F10000000000000000000031 /* Info.plist */,
				F1000000000000000000002F /* TaptionPlanWatch.entitlements */,
				F10000000000000000000030 /* TaptionPlanWatchDebug.entitlements */,
				F20000000000000000000007 /* Localizable.xcstrings */,
				F2000000000000000000000B /* InfoPlist.xcstrings */,
			);
			path = TaptionPlanWatch;
			sourceTree = "<group>";
		};
		81000000000000000000000A /* TaptionPlanWatchWidget */ = {
			isa = PBXGroup;
			children = (
				F10000000000000000000034 /* TaptionPlanWatchWidget.swift */,
				F10000000000000000000035 /* WatchWidgetShared.swift */,
				F10000000000000000000036 /* Info.plist */,
				F10000000000000000000037 /* TaptionPlanWatchWidget.entitlements */,
				F10000000000000000000038 /* TaptionPlanWatchWidgetDebug.entitlements */,
				F20000000000000000000008 /* Localizable.xcstrings */,
				F2000000000000000000000C /* InfoPlist.xcstrings */,
			);
			path = TaptionPlanWatchWidget;
			sourceTree = "<group>";
		};
/* End PBXGroup section */

/* Begin PBXNativeTarget section */
		E10000000000000000000001 /* TaptionPlan */ = {
			isa = PBXNativeTarget;
			buildConfigurationList = 710000000000000000000002 /* Build configuration list for PBXNativeTarget "TaptionPlan" */;
			buildPhases = (
				920000000000000000000001 /* Sources */,
				910000000000000000000001 /* Frameworks */,
				930000000000000000000001 /* Resources */,
				940000000000000000000001 /* Embed App Extensions */,
				940000000000000000000002 /* Embed Watch Content */,
			);
			buildRules = (
			);
			dependencies = (
				B20000000000000000000002 /* PBXTargetDependency */,
				B20000000000000000000003 /* PBXTargetDependency */,
			);
			name = TaptionPlan;
			packageProductDependencies = (
				X30000000000000000000002 /* TaptionPlanCore */,
			);
			productName = TaptionPlan;
			productReference = C10000000000000000000001 /* TaptionPlan.app */;
			productType = "com.apple.product-type.application";
		};
		E10000000000000000000002 /* TaptionPlanTests */ = {
			isa = PBXNativeTarget;
			buildConfigurationList = 710000000000000000000003 /* Build configuration list for PBXNativeTarget "TaptionPlanTests" */;
			buildPhases = (
				920000000000000000000002 /* Sources */,
				910000000000000000000002 /* Frameworks */,
				930000000000000000000002 /* Resources */,
			);
			buildRules = (
			);
			dependencies = (
				B20000000000000000000001 /* PBXTargetDependency */,
			);
			name = TaptionPlanTests;
			productName = TaptionPlanTests;
			productReference = C10000000000000000000002 /* TaptionPlanTests.xctest */;
			productType = "com.apple.product-type.bundle.unit-test";
		};
		E10000000000000000000003 /* TaptionPlanWidget */ = {
			isa = PBXNativeTarget;
			buildConfigurationList = 710000000000000000000004 /* Build configuration list for PBXNativeTarget "TaptionPlanWidget" */;
			buildPhases = (
				920000000000000000000003 /* Sources */,
				910000000000000000000003 /* Frameworks */,
				930000000000000000000003 /* Resources */,
			);
			buildRules = (
			);
			dependencies = (
			);
			name = TaptionPlanWidget;
			productName = TaptionPlanWidget;
			productReference = C10000000000000000000003 /* TaptionPlanWidget.appex */;
			productType = "com.apple.product-type.app-extension";
		};
		E10000000000000000000004 /* TaptionPlanWatch */ = {
			isa = PBXNativeTarget;
			buildConfigurationList = 710000000000000000000005 /* Build configuration list for PBXNativeTarget "TaptionPlanWatch" */;
			buildPhases = (
				920000000000000000000004 /* Sources */,
				910000000000000000000004 /* Frameworks */,
				930000000000000000000004 /* Resources */,
				940000000000000000000003 /* Embed Watch Extensions */,
			);
			buildRules = (
			);
			dependencies = (
				B20000000000000000000004 /* PBXTargetDependency */,
			);
			name = TaptionPlanWatch;
			productName = TaptionPlanWatch;
			productReference = C10000000000000000000004 /* TaptionPlanWatch.app */;
			productType = "com.apple.product-type.application";
		};
		E10000000000000000000005 /* TaptionPlanWatchWidget */ = {
			isa = PBXNativeTarget;
			buildConfigurationList = 710000000000000000000006 /* Build configuration list for PBXNativeTarget "TaptionPlanWatchWidget" */;
			buildPhases = (
				920000000000000000000005 /* Sources */,
				910000000000000000000005 /* Frameworks */,
				930000000000000000000005 /* Resources */,
			);
			buildRules = (
			);
			dependencies = (
			);
			name = TaptionPlanWatchWidget;
			productName = TaptionPlanWatchWidget;
			productReference = C10000000000000000000005 /* TaptionPlanWatchWidget.appex */;
			productType = "com.apple.product-type.app-extension";
		};
/* End PBXNativeTarget section */

/* Begin PBXProject section */
		D10000000000000000000001 /* Project object */ = {
			isa = PBXProject;
			attributes = {
				BuildIndependentTargetsInParallel = 1;
				LastSwiftUpdateCheck = 2660;
				LastUpgradeCheck = 2660;
				TargetAttributes = {
					E10000000000000000000001 = {
						CreatedOnToolsVersion = 26.6;
						SystemCapabilities = {
							com.apple.ApplicationGroups.iOS = {
								enabled = 1;
							};
							com.apple.HealthKit = {
								enabled = 1;
							};
							com.apple.WeatherKit = {
								enabled = 1;
							};
							com.apple.iCloud = {
								enabled = 1;
							};
							com.apple.WiFiInfo = {
								enabled = 1;
							};
						};
					};
					E10000000000000000000002 = {
						CreatedOnToolsVersion = 26.6;
						TestTargetID = E10000000000000000000001;
					};
					E10000000000000000000003 = {
						CreatedOnToolsVersion = 26.6;
						SystemCapabilities = {
							com.apple.ApplicationGroups.iOS = {
								enabled = 1;
							};
						};
					};
					E10000000000000000000004 = {
						CreatedOnToolsVersion = 26.6;
						SystemCapabilities = {
							com.apple.ApplicationGroups.iOS = {
								enabled = 1;
							};
							com.apple.HealthKit = {
								enabled = 1;
							};
						};
					};
					E10000000000000000000005 = {
						CreatedOnToolsVersion = 26.6;
						SystemCapabilities = {
							com.apple.ApplicationGroups.iOS = {
								enabled = 1;
							};
						};
					};
				};
			};
			buildConfigurationList = 710000000000000000000001 /* Build configuration list for PBXProject "TaptionPlan" */;
			compatibilityVersion = "Xcode 14.0";
			developmentRegion = ko;
			hasScannedForEncodings = 0;
			knownRegions = (
				ko,
				en,
				Base,
			);
			packageReferences = (
				X30000000000000000000001 /* XCLocalSwiftPackageReference "TaptionPlanCore" */,
			);
			mainGroup = 810000000000000000000001;
			productRefGroup = 810000000000000000000002 /* Products */;
			projectDirPath = "";
			projectRoot = "";
			targets = (
				E10000000000000000000001 /* TaptionPlan */,
				E10000000000000000000002 /* TaptionPlanTests */,
				E10000000000000000000003 /* TaptionPlanWidget */,
				E10000000000000000000004 /* TaptionPlanWatch */,
				E10000000000000000000005 /* TaptionPlanWatchWidget */,
			);
		};
/* End PBXProject section */

/* Begin PBXResourcesBuildPhase section */
		930000000000000000000001 /* Resources */ = {
			isa = PBXResourcesBuildPhase;
			buildActionMask = 2147483647;
			files = (
				A1000000000000000000000B /* Assets.xcassets in Resources */,
				A10000000000000000000080 /* record-classification.json in Resources */,
				A20000000000000000000008 /* Localizable.xcstrings in Resources */,
				A2000000000000000000000C /* InfoPlist.xcstrings in Resources */,
			);
			runOnlyForDeploymentPostprocessing = 0;
		};
		930000000000000000000002 /* Resources */ = {
			isa = PBXResourcesBuildPhase;
			buildActionMask = 2147483647;
			files = (
				A10000000000000000000081 /* record-classification.json in Resources */,
			);
			runOnlyForDeploymentPostprocessing = 0;
		};
		930000000000000000000003 /* Resources */ = {
			isa = PBXResourcesBuildPhase;
			buildActionMask = 2147483647;
			files = (
				A10000000000000000000078 /* Assets.xcassets in Resources */,
				A10000000000000000000082 /* record-classification.json in Resources */,
				A20000000000000000000009 /* Localizable.xcstrings in Resources */,
				A2000000000000000000000D /* InfoPlist.xcstrings in Resources */,
			);
			runOnlyForDeploymentPostprocessing = 0;
		};
		930000000000000000000004 /* Resources */ = {
			isa = PBXResourcesBuildPhase;
			buildActionMask = 2147483647;
			files = (
				A10000000000000000000033 /* Assets.xcassets in Resources */,
				A2000000000000000000000A /* Localizable.xcstrings in Resources */,
				A2000000000000000000000E /* InfoPlist.xcstrings in Resources */,
			);
			runOnlyForDeploymentPostprocessing = 0;
		};
		930000000000000000000005 /* Resources */ = {
			isa = PBXResourcesBuildPhase;
			buildActionMask = 2147483647;
			files = (
				A10000000000000000000079 /* Assets.xcassets in Resources */,
				A2000000000000000000000B /* Localizable.xcstrings in Resources */,
				A2000000000000000000000F /* InfoPlist.xcstrings in Resources */,
			);
			runOnlyForDeploymentPostprocessing = 0;
		};
/* End PBXResourcesBuildPhase section */

/* Begin PBXSourcesBuildPhase section */
		920000000000000000000001 /* Sources */ = {
			isa = PBXSourcesBuildPhase;
			buildActionMask = 2147483647;
			files = (
				A10000000000000000000001 /* TaptionPlanApp.swift in Sources */,
				A10000000000000000000002 /* AppModel.swift in Sources */,
				A10000000000000000000003 /* PlanItem.swift in Sources */,
				A10000000000000000000004 /* Theme.swift in Sources */,
				A10000000000000000000005 /* AppShellView.swift in Sources */,
				A10000000000000000000006 /* ScheduleView.swift in Sources */,
				A1000000000000000000007D /* MapHomeView.swift in Sources */,
				A1000000000000000000007F /* MapHomeCalendarSheet.swift in Sources */,
				A10000000000000000000083 /* MapHomeTimeSidebar.swift in Sources */,
				A10000000000000000000007 /* GoalsView.swift in Sources */,
				A10000000000000000000008 /* ReviewView.swift in Sources */,
				A10000000000000000000009 /* SettingsView.swift in Sources */,
				A1000000000000000000000A /* AddPlanSheet.swift in Sources */,
				A1000000000000000000000D /* DraftComponents.swift in Sources */,
				A1000000000000000000000E /* DetailViews.swift in Sources */,
				A1000000000000000000000F /* FeatureModels.swift in Sources */,
				A10000000000000000000010 /* PlanRepository.swift in Sources */,
				A10000000000000000000011 /* PlanningEngine.swift in Sources */,
				A10000000000000000000012 /* TemplatesAndSettings.swift in Sources */,
				A10000000000000000000013 /* SensorFusion.swift in Sources */,
				A10000000000000000000071 /* StationaryContextClassifier.swift in Sources */,
				A10000000000000000000014 /* AppleIntegrations.swift in Sources */,
				A10000000000000000000015 /* LiveActivitySupport.swift in Sources */,
				A10000000000000000000018 /* NavigationModels.swift in Sources */,
				A10000000000000000000019 /* CatPresentation.swift in Sources */,
				A1000000000000000000001A /* TimelineInteractionEngine.swift in Sources */,
				A1000000000000000000001B /* HealthAndSensorModels.swift in Sources */,
				A1000000000000000000001C /* SleepAnalysisEngine.swift in Sources */,
				A1000000000000000000001D /* SensorDataServices.swift in Sources */,
				A10000000000000000000040 /* CatAnimationShared.swift in Sources */,
				A10000000000000000000044 /* ScreenTimeUsageService.swift in Sources */,
				A1000000000000000000001E /* WidgetShared.swift in Sources */,
				A10000000000000000000026 /* StoreKitSupport.swift in Sources */,
				A10000000000000000000027 /* CategoryManagerView.swift in Sources */,
				A10000000000000000000028 /* PlanEditorSheet.swift in Sources */,
				A10000000000000000000029 /* PhotoClusterSheet.swift in Sources */,
				A1000000000000000000002A /* WatchSyncModels.swift in Sources */,
				A1000000000000000000002B /* WatchConnectivitySupport.swift in Sources */,
				A10000000000000000000032 /* PhotoGalleryView.swift in Sources */,
				A10000000000000000000039 /* TimelineBoardModels.swift in Sources */,
				A1000000000000000000003A /* TimelineBlockStyleViews.swift in Sources */,
				A1000000000000000000003B /* WidgetPayloadFactory.swift in Sources */,
				A10000000000000000000061 /* RecordSummaryEngine.swift in Sources */,
				A10000000000000000000072 /* WatchSensorQueryPlan.swift in Sources */,
				A1000000000000000000007A /* DiagnosticsLogSupport.swift in Sources */,
				A1000000000000000000007C /* SubwayCatalog.swift in Sources */,
				A10000000000000000000085 /* RouteTimelineData.swift in Sources */,
				A10000000000000000000087 /* MapHomeLocationPresentation.swift in Sources */,
				A10000000000000000000088 /* BiometricDataProtection.swift in Sources */,
				A10000000000000000000089 /* SecurityBackupCore.swift in Sources */,
				A20000000000000000000001 /* AppLanguagePreference.swift in Sources */,
				A20000000000000000000005 /* SensorBackgroundCoordinator.swift in Sources */,
			);
			runOnlyForDeploymentPostprocessing = 0;
		};
		920000000000000000000002 /* Sources */ = {
			isa = PBXSourcesBuildPhase;
			buildActionMask = 2147483647;
			files = (
				A1000000000000000000000C /* TimeScaleTests.swift in Sources */,
				A10000000000000000000016 /* FeatureEngineTests.swift in Sources */,
				A10000000000000000000075 /* WatchSensorQueryPlanTests.swift in Sources */,
				A10000000000000000000076 /* WatchMeasurementAlertTests.swift in Sources */,
				A10000000000000000000086 /* RouteTimelineDataTests.swift in Sources */,
				A1000000000000000000008A /* SecurityBackupCoreTests.swift in Sources */,
				A20000000000000000000006 /* AppLanguagePreferenceTests.swift in Sources */,
				A20000000000000000000007 /* SensorBackgroundCoordinatorTests.swift in Sources */,
				A20000000000000000000010 /* LocalizationCatalogTests.swift in Sources */,
				A20000000000000000000011 /* DiagnosticsLogSupportTests.swift in Sources */,
			);
			runOnlyForDeploymentPostprocessing = 0;
		};
		920000000000000000000003 /* Sources */ = {
			isa = PBXSourcesBuildPhase;
			buildActionMask = 2147483647;
			files = (
				A1000000000000000000001F /* TaptionPlanWidget.swift in Sources */,
				A10000000000000000000020 /* WidgetShared.swift in Sources */,
				A10000000000000000000022 /* FeatureModels.swift in Sources */,
				A10000000000000000000023 /* HealthAndSensorModels.swift in Sources */,
				A10000000000000000000024 /* PlanningEngine.swift in Sources */,
				A10000000000000000000025 /* PlanRepository.swift in Sources */,
				A1000000000000000000003C /* WidgetPayloadFactory.swift in Sources */,
				A1000000000000000000003D /* WatchSyncModels.swift in Sources */,
				A10000000000000000000041 /* CatAnimationShared.swift in Sources */,
				A1000000000000000000007B /* DiagnosticsLogSupport.swift in Sources */,
				A20000000000000000000002 /* AppLanguagePreference.swift in Sources */,
			);
			runOnlyForDeploymentPostprocessing = 0;
		};
		920000000000000000000004 /* Sources */ = {
			isa = PBXSourcesBuildPhase;
			buildActionMask = 2147483647;
			files = (
				A10000000000000000000060 /* WatchLaunchDiagnostics.swift in Sources */,
				A1000000000000000000002C /* TaptionPlanWatchApp.swift in Sources */,
				A1000000000000000000002D /* WatchConnectivityController.swift in Sources */,
				A1000000000000000000002E /* WatchWorkoutManager.swift in Sources */,
				A10000000000000000000070 /* WatchAmbientSensorRecorder.swift in Sources */,
				A10000000000000000000073 /* WatchSensorQueryPlan.swift in Sources */,
				A10000000000000000000074 /* WatchObjCExceptionCatcher.m in Sources */,
				A1000000000000000000002F /* ContentView.swift in Sources */,
				A10000000000000000000030 /* WatchSyncModels.swift in Sources */,
				A10000000000000000000038 /* WatchWidgetShared.swift in Sources */,
				A20000000000000000000003 /* AppLanguagePreference.swift in Sources */,
			);
			runOnlyForDeploymentPostprocessing = 0;
		};
		920000000000000000000005 /* Sources */ = {
			isa = PBXSourcesBuildPhase;
			buildActionMask = 2147483647;
			files = (
				A10000000000000000000034 /* TaptionPlanWatchWidget.swift in Sources */,
				A10000000000000000000035 /* WatchWidgetShared.swift in Sources */,
				A10000000000000000000036 /* WatchSyncModels.swift in Sources */,
				A20000000000000000000004 /* AppLanguagePreference.swift in Sources */,
			);
			runOnlyForDeploymentPostprocessing = 0;
		};
/* End PBXSourcesBuildPhase section */

/* Begin PBXTargetDependency section */
		B20000000000000000000001 /* PBXTargetDependency */ = {
			isa = PBXTargetDependency;
			target = E10000000000000000000001 /* TaptionPlan */;
			targetProxy = B10000000000000000000001 /* PBXContainerItemProxy */;
		};
		B20000000000000000000002 /* PBXTargetDependency */ = {
			isa = PBXTargetDependency;
			target = E10000000000000000000003 /* TaptionPlanWidget */;
			targetProxy = B10000000000000000000002 /* PBXContainerItemProxy */;
		};
		B20000000000000000000003 /* PBXTargetDependency */ = {
			isa = PBXTargetDependency;
			target = E10000000000000000000004 /* TaptionPlanWatch */;
			targetProxy = B10000000000000000000003 /* PBXContainerItemProxy */;
		};
		B20000000000000000000004 /* PBXTargetDependency */ = {
			isa = PBXTargetDependency;
			target = E10000000000000000000005 /* TaptionPlanWatchWidget */;
			targetProxy = B10000000000000000000004 /* PBXContainerItemProxy */;
		};
/* End PBXTargetDependency section */

/* Begin XCBuildConfiguration section */
		610000000000000000000001 /* Debug */ = {
			isa = XCBuildConfiguration;
			buildSettings = {
				ALWAYS_SEARCH_USER_PATHS = NO;
				CLANG_ANALYZER_NONNULL = YES;
				CLANG_ANALYZER_NUMBER_OBJECT_CONVERSION = YES_AGGRESSIVE;
				CLANG_CXX_LANGUAGE_STANDARD = "gnu++20";
				CLANG_ENABLE_MODULES = YES;
				CLANG_ENABLE_OBJC_ARC = YES;
				CLANG_ENABLE_OBJC_WEAK = YES;
				CLANG_WARN_BLOCK_CAPTURE_AUTORELEASING = YES;
				CLANG_WARN_BOOL_CONVERSION = YES;
				CLANG_WARN_COMMA = YES;
				CLANG_WARN_CONSTANT_CONVERSION = YES;
				CLANG_WARN_DEPRECATED_OBJC_IMPLEMENTATIONS = YES;
				CLANG_WARN_DIRECT_OBJC_ISA_USAGE = YES_ERROR;
				CLANG_WARN_DOCUMENTATION_COMMENTS = YES;
				CLANG_WARN_EMPTY_BODY = YES;
				CLANG_WARN_ENUM_CONVERSION = YES;
				CLANG_WARN_INFINITE_RECURSION = YES;
				CLANG_WARN_INT_CONVERSION = YES;
				CLANG_WARN_NON_LITERAL_NULL_CONVERSION = YES;
				CLANG_WARN_OBJC_IMPLICIT_RETAIN_SELF = YES;
				CLANG_WARN_OBJC_LITERAL_CONVERSION = YES;
				CLANG_WARN_OBJC_ROOT_CLASS = YES_ERROR;
				CLANG_WARN_QUOTED_INCLUDE_IN_FRAMEWORK_HEADER = YES;
				CLANG_WARN_RANGE_LOOP_ANALYSIS = YES;
				CLANG_WARN_STRICT_PROTOTYPES = YES;
				CLANG_WARN_SUSPICIOUS_MOVE = YES;
				CLANG_WARN_UNGUARDED_AVAILABILITY = YES_AGGRESSIVE;
				CLANG_WARN_UNREACHABLE_CODE = YES;
				CLANG_WARN__DUPLICATE_METHOD_MATCH = YES;
				COPY_PHASE_STRIP = NO;
				DEBUG_INFORMATION_FORMAT = dwarf;
				ENABLE_TESTABILITY = YES;
				ENABLE_USER_SCRIPT_SANDBOXING = YES;
				GCC_C_LANGUAGE_STANDARD = gnu17;
				GCC_DYNAMIC_NO_PIC = NO;
				GCC_NO_COMMON_BLOCKS = YES;
				GCC_OPTIMIZATION_LEVEL = 0;
				GCC_PREPROCESSOR_DEFINITIONS = (
					"DEBUG=1",
					"$(inherited)",
				);
				GCC_WARN_64_TO_32_BIT_CONVERSION = YES;
				GCC_WARN_ABOUT_RETURN_TYPE = YES_ERROR;
				GCC_WARN_UNDECLARED_SELECTOR = YES;
				GCC_WARN_UNINITIALIZED_AUTOS = YES_AGGRESSIVE;
				GCC_WARN_UNUSED_FUNCTION = YES;
				GCC_WARN_UNUSED_VARIABLE = YES;
				IPHONEOS_DEPLOYMENT_TARGET = 18.0;
				LOCALIZATION_PREFERS_STRING_CATALOGS = YES;
				MTL_ENABLE_DEBUG_INFO = INCLUDE_SOURCE;
				MTL_FAST_MATH = YES;
				ONLY_ACTIVE_ARCH = YES;
				SDKROOT = iphoneos;
				SWIFT_ACTIVE_COMPILATION_CONDITIONS = "DEBUG $(inherited)";
				SWIFT_OPTIMIZATION_LEVEL = "-Onone";
			};
			name = Debug;
		};
		610000000000000000000002 /* Release */ = {
			isa = XCBuildConfiguration;
			buildSettings = {
				ALWAYS_SEARCH_USER_PATHS = NO;
				CLANG_ANALYZER_NONNULL = YES;
				CLANG_ANALYZER_NUMBER_OBJECT_CONVERSION = YES_AGGRESSIVE;
				CLANG_CXX_LANGUAGE_STANDARD = "gnu++20";
				CLANG_ENABLE_MODULES = YES;
				CLANG_ENABLE_OBJC_ARC = YES;
				CLANG_ENABLE_OBJC_WEAK = YES;
				CLANG_WARN_BLOCK_CAPTURE_AUTORELEASING = YES;
				CLANG_WARN_BOOL_CONVERSION = YES;
				CLANG_WARN_COMMA = YES;
				CLANG_WARN_CONSTANT_CONVERSION = YES;
				CLANG_WARN_DEPRECATED_OBJC_IMPLEMENTATIONS = YES;
				CLANG_WARN_DIRECT_OBJC_ISA_USAGE = YES_ERROR;
				CLANG_WARN_DOCUMENTATION_COMMENTS = YES;
				CLANG_WARN_EMPTY_BODY = YES;
				CLANG_WARN_ENUM_CONVERSION = YES;
				CLANG_WARN_INFINITE_RECURSION = YES;
				CLANG_WARN_INT_CONVERSION = YES;
				CLANG_WARN_NON_LITERAL_NULL_CONVERSION = YES;
				CLANG_WARN_OBJC_IMPLICIT_RETAIN_SELF = YES;
				CLANG_WARN_OBJC_LITERAL_CONVERSION = YES;
				CLANG_WARN_OBJC_ROOT_CLASS = YES_ERROR;
				CLANG_WARN_QUOTED_INCLUDE_IN_FRAMEWORK_HEADER = YES;
				CLANG_WARN_RANGE_LOOP_ANALYSIS = YES;
				CLANG_WARN_STRICT_PROTOTYPES = YES;
				CLANG_WARN_SUSPICIOUS_MOVE = YES;
				CLANG_WARN_UNGUARDED_AVAILABILITY = YES_AGGRESSIVE;
				CLANG_WARN_UNREACHABLE_CODE = YES;
				CLANG_WARN__DUPLICATE_METHOD_MATCH = YES;
				COPY_PHASE_STRIP = NO;
				DEBUG_INFORMATION_FORMAT = "dwarf-with-dsym";
				ENABLE_NS_ASSERTIONS = NO;
				ENABLE_USER_SCRIPT_SANDBOXING = YES;
				GCC_C_LANGUAGE_STANDARD = gnu17;
				GCC_NO_COMMON_BLOCKS = YES;
				GCC_WARN_64_TO_32_BIT_CONVERSION = YES;
				GCC_WARN_ABOUT_RETURN_TYPE = YES_ERROR;
				GCC_WARN_UNDECLARED_SELECTOR = YES;
				GCC_WARN_UNINITIALIZED_AUTOS = YES_AGGRESSIVE;
				GCC_WARN_UNUSED_FUNCTION = YES;
				GCC_WARN_UNUSED_VARIABLE = YES;
				IPHONEOS_DEPLOYMENT_TARGET = 18.0;
				LOCALIZATION_PREFERS_STRING_CATALOGS = YES;
				MTL_ENABLE_DEBUG_INFO = NO;
				MTL_FAST_MATH = YES;
				SDKROOT = iphoneos;
				SWIFT_COMPILATION_MODE = wholemodule;
				VALIDATE_PRODUCT = YES;
			};
			name = Release;
		};
		610000000000000000000003 /* Debug */ = {
			isa = XCBuildConfiguration;
			buildSettings = {
				ASSETCATALOG_COMPILER_APPICON_NAME = AppIcon;
				ASSETCATALOG_COMPILER_GLOBAL_ACCENT_COLOR_NAME = AccentColor;
				CODE_SIGN_ENTITLEMENTS = TaptionPlan/TaptionPlanDebug.entitlements;
				CODE_SIGN_STYLE = Automatic;
				CURRENT_PROJECT_VERSION = 90;
				DEVELOPMENT_TEAM = 4FWG8XXYM7;
				ENABLE_PREVIEWS = YES;
				GENERATE_INFOPLIST_FILE = NO;
				INFOPLIST_FILE = TaptionPlan/Info.plist;
				IPHONEOS_DEPLOYMENT_TARGET = 18.0;
				LD_RUNPATH_SEARCH_PATHS = (
					"$(inherited)",
					"@executable_path/Frameworks",
				);
				MARKETING_VERSION = 1.0;
				PRODUCT_BUNDLE_IDENTIFIER = com.taption.plan;
				PRODUCT_NAME = "$(TARGET_NAME)";
				SUPPORTED_PLATFORMS = "iphoneos iphonesimulator";
				SUPPORTS_MACCATALYST = NO;
				SWIFT_EMIT_LOC_STRINGS = YES;
				SWIFT_VERSION = 6.0;
				TARGETED_DEVICE_FAMILY = 1;
			};
			name = Debug;
		};
		610000000000000000000004 /* Release */ = {
			isa = XCBuildConfiguration;
			buildSettings = {
				ASSETCATALOG_COMPILER_APPICON_NAME = AppIcon;
				ASSETCATALOG_COMPILER_GLOBAL_ACCENT_COLOR_NAME = AccentColor;
				CODE_SIGN_ENTITLEMENTS = TaptionPlan/TaptionPlan.entitlements;
				CODE_SIGN_STYLE = Automatic;
				CURRENT_PROJECT_VERSION = 90;
				DEVELOPMENT_TEAM = 4FWG8XXYM7;
				GENERATE_INFOPLIST_FILE = NO;
				INFOPLIST_FILE = TaptionPlan/Info.plist;
				IPHONEOS_DEPLOYMENT_TARGET = 18.0;
				LD_RUNPATH_SEARCH_PATHS = (
					"$(inherited)",
					"@executable_path/Frameworks",
				);
				MARKETING_VERSION = 1.0;
				PRODUCT_BUNDLE_IDENTIFIER = com.taption.plan;
				PRODUCT_NAME = "$(TARGET_NAME)";
				SUPPORTED_PLATFORMS = "iphoneos iphonesimulator";
				SUPPORTS_MACCATALYST = NO;
				SWIFT_EMIT_LOC_STRINGS = YES;
				SWIFT_VERSION = 6.0;
				TARGETED_DEVICE_FAMILY = 1;
			};
			name = Release;
		};
		610000000000000000000005 /* Debug */ = {
			isa = XCBuildConfiguration;
			buildSettings = {
				BUNDLE_LOADER = "$(TEST_HOST)";
				CODE_SIGN_STYLE = Automatic;
				GENERATE_INFOPLIST_FILE = YES;
				IPHONEOS_DEPLOYMENT_TARGET = 18.0;
				LD_RUNPATH_SEARCH_PATHS = (
					"$(inherited)",
					"@executable_path/Frameworks",
					"@loader_path/Frameworks",
				);
				PRODUCT_BUNDLE_IDENTIFIER = com.taption.plan.tests;
				PRODUCT_NAME = "$(TARGET_NAME)";
				SUPPORTED_PLATFORMS = "iphoneos iphonesimulator";
				SWIFT_VERSION = 6.0;
				TARGETED_DEVICE_FAMILY = 1;
				TEST_HOST = "$(BUILT_PRODUCTS_DIR)/TaptionPlan.app/$(BUNDLE_EXECUTABLE_FOLDER_PATH)/TaptionPlan";
			};
			name = Debug;
		};
		610000000000000000000006 /* Release */ = {
			isa = XCBuildConfiguration;
			buildSettings = {
				BUNDLE_LOADER = "$(TEST_HOST)";
				CODE_SIGN_STYLE = Automatic;
				GENERATE_INFOPLIST_FILE = YES;
				IPHONEOS_DEPLOYMENT_TARGET = 18.0;
				LD_RUNPATH_SEARCH_PATHS = (
					"$(inherited)",
					"@executable_path/Frameworks",
					"@loader_path/Frameworks",
				);
				PRODUCT_BUNDLE_IDENTIFIER = com.taption.plan.tests;
				PRODUCT_NAME = "$(TARGET_NAME)";
				SUPPORTED_PLATFORMS = "iphoneos iphonesimulator";
				SWIFT_VERSION = 6.0;
				TARGETED_DEVICE_FAMILY = 1;
				TEST_HOST = "$(BUILT_PRODUCTS_DIR)/TaptionPlan.app/$(BUNDLE_EXECUTABLE_FOLDER_PATH)/TaptionPlan";
			};
			name = Release;
		};
		610000000000000000000007 /* Debug */ = {
			isa = XCBuildConfiguration;
			buildSettings = {
				APPLICATION_EXTENSION_API_ONLY = YES;
				CODE_SIGN_ENTITLEMENTS = TaptionPlanWidget/TaptionPlanWidgetDebug.entitlements;
				CODE_SIGN_STYLE = Automatic;
				CURRENT_PROJECT_VERSION = 90;
				DEVELOPMENT_TEAM = 4FWG8XXYM7;
				GENERATE_INFOPLIST_FILE = NO;
				INFOPLIST_FILE = TaptionPlanWidget/Info.plist;
				IPHONEOS_DEPLOYMENT_TARGET = 18.0;
				LD_RUNPATH_SEARCH_PATHS = (
					"$(inherited)",
					"@executable_path/Frameworks",
					"@executable_path/../../Frameworks",
				);
				MARKETING_VERSION = 1.0;
				PRODUCT_BUNDLE_IDENTIFIER = com.taption.plan.widget;
				PRODUCT_NAME = "$(TARGET_NAME)";
				SKIP_INSTALL = YES;
				SUPPORTED_PLATFORMS = "iphoneos iphonesimulator";
				SWIFT_EMIT_LOC_STRINGS = YES;
				SWIFT_VERSION = 6.0;
				TARGETED_DEVICE_FAMILY = 1;
			};
			name = Debug;
		};
		610000000000000000000008 /* Release */ = {
			isa = XCBuildConfiguration;
			buildSettings = {
				APPLICATION_EXTENSION_API_ONLY = YES;
				CODE_SIGN_ENTITLEMENTS = TaptionPlanWidget/TaptionPlanWidget.entitlements;
				CODE_SIGN_STYLE = Automatic;
				CURRENT_PROJECT_VERSION = 90;
				DEVELOPMENT_TEAM = 4FWG8XXYM7;
				GENERATE_INFOPLIST_FILE = NO;
				INFOPLIST_FILE = TaptionPlanWidget/Info.plist;
				IPHONEOS_DEPLOYMENT_TARGET = 18.0;
				LD_RUNPATH_SEARCH_PATHS = (
					"$(inherited)",
					"@executable_path/Frameworks",
					"@executable_path/../../Frameworks",
				);
				MARKETING_VERSION = 1.0;
				PRODUCT_BUNDLE_IDENTIFIER = com.taption.plan.widget;
				PRODUCT_NAME = "$(TARGET_NAME)";
				SKIP_INSTALL = YES;
				SUPPORTED_PLATFORMS = "iphoneos iphonesimulator";
				SWIFT_EMIT_LOC_STRINGS = YES;
				SWIFT_VERSION = 6.0;
				TARGETED_DEVICE_FAMILY = 1;
			};
			name = Release;
		};
		610000000000000000000009 /* Debug */ = {
			isa = XCBuildConfiguration;
			buildSettings = {
				ASSETCATALOG_COMPILER_APPICON_NAME = AppIcon;
				CODE_SIGN_ENTITLEMENTS = TaptionPlanWatch/TaptionPlanWatchDebug.entitlements;
				CODE_SIGN_STYLE = Automatic;
				CURRENT_PROJECT_VERSION = 90;
				DEVELOPMENT_TEAM = 4FWG8XXYM7;
				ENABLE_PREVIEWS = YES;
				GENERATE_INFOPLIST_FILE = NO;
				INFOPLIST_FILE = TaptionPlanWatch/Info.plist;
				INFOPLIST_KEY_CFBundleDisplayName = "Taption Plan";
				INFOPLIST_KEY_NSHealthShareUsageDescription = "운동 중 심박수와 거리 정보를 읽어 실시간 운동 기록을 표시합니다.";
				INFOPLIST_KEY_NSHealthUpdateUsageDescription = "Apple Watch에서 측정한 걷기·달리기·자전거 운동을 건강 앱에 저장합니다.";
				INFOPLIST_KEY_WKBackgroundModes = "workout-processing";
				INFOPLIST_KEY_WKCompanionAppBundleIdentifier = com.taption.plan;
				LD_RUNPATH_SEARCH_PATHS = (
					"$(inherited)",
					"@executable_path/Frameworks",
				);
				MARKETING_VERSION = 1.0;
				PRODUCT_BUNDLE_IDENTIFIER = com.taption.plan.watchkitapp;
				PRODUCT_NAME = "$(TARGET_NAME)";
				SDKROOT = watchos;
				SKIP_INSTALL = YES;
				SUPPORTED_PLATFORMS = "watchos watchsimulator";
				SWIFT_EMIT_LOC_STRINGS = YES;
				SWIFT_OBJC_BRIDGING_HEADER = "TaptionPlanWatch/TaptionPlanWatch-Bridging-Header.h";
				SWIFT_VERSION = 6.0;
				TARGETED_DEVICE_FAMILY = 4;
				WATCHOS_DEPLOYMENT_TARGET = 11.0;
			};
			name = Debug;
		};
		61000000000000000000000A /* Release */ = {
			isa = XCBuildConfiguration;
			buildSettings = {
				ASSETCATALOG_COMPILER_APPICON_NAME = AppIcon;
				CODE_SIGN_ENTITLEMENTS = TaptionPlanWatch/TaptionPlanWatch.entitlements;
				CODE_SIGN_STYLE = Automatic;
				CURRENT_PROJECT_VERSION = 90;
				DEVELOPMENT_TEAM = 4FWG8XXYM7;
				GENERATE_INFOPLIST_FILE = NO;
				INFOPLIST_FILE = TaptionPlanWatch/Info.plist;
				INFOPLIST_KEY_CFBundleDisplayName = "Taption Plan";
				INFOPLIST_KEY_NSHealthShareUsageDescription = "운동 중 심박수와 거리 정보를 읽어 실시간 운동 기록을 표시합니다.";
				INFOPLIST_KEY_NSHealthUpdateUsageDescription = "Apple Watch에서 측정한 걷기·달리기·자전거 운동을 건강 앱에 저장합니다.";
				INFOPLIST_KEY_WKBackgroundModes = "workout-processing";
				INFOPLIST_KEY_WKCompanionAppBundleIdentifier = com.taption.plan;
				LD_RUNPATH_SEARCH_PATHS = (
					"$(inherited)",
					"@executable_path/Frameworks",
				);
				MARKETING_VERSION = 1.0;
				PRODUCT_BUNDLE_IDENTIFIER = com.taption.plan.watchkitapp;
				PRODUCT_NAME = "$(TARGET_NAME)";
				SDKROOT = watchos;
				SKIP_INSTALL = YES;
				SUPPORTED_PLATFORMS = "watchos watchsimulator";
				SWIFT_EMIT_LOC_STRINGS = YES;
				SWIFT_OBJC_BRIDGING_HEADER = "TaptionPlanWatch/TaptionPlanWatch-Bridging-Header.h";
				SWIFT_VERSION = 6.0;
				TARGETED_DEVICE_FAMILY = 4;
				WATCHOS_DEPLOYMENT_TARGET = 11.0;
			};
			name = Release;
		};
		61000000000000000000000B /* Debug */ = {
			isa = XCBuildConfiguration;
			buildSettings = {
				APPLICATION_EXTENSION_API_ONLY = YES;
				CODE_SIGN_ENTITLEMENTS = TaptionPlanWatchWidget/TaptionPlanWatchWidgetDebug.entitlements;
				CODE_SIGN_STYLE = Automatic;
				CURRENT_PROJECT_VERSION = 90;
				DEVELOPMENT_TEAM = 4FWG8XXYM7;
				GENERATE_INFOPLIST_FILE = NO;
				INFOPLIST_FILE = TaptionPlanWatchWidget/Info.plist;
				LD_RUNPATH_SEARCH_PATHS = (
					"$(inherited)",
					"@executable_path/Frameworks",
					"@executable_path/../../Frameworks",
				);
				MARKETING_VERSION = 1.0;
				PRODUCT_BUNDLE_IDENTIFIER = com.taption.plan.watchkitapp.widget;
				PRODUCT_NAME = "$(TARGET_NAME)";
				SDKROOT = watchos;
				SKIP_INSTALL = YES;
				SUPPORTED_PLATFORMS = "watchos watchsimulator";
				SWIFT_EMIT_LOC_STRINGS = YES;
				SWIFT_VERSION = 6.0;
				TARGETED_DEVICE_FAMILY = 4;
				WATCHOS_DEPLOYMENT_TARGET = 11.0;
			};
			name = Debug;
		};
		61000000000000000000000C /* Release */ = {
			isa = XCBuildConfiguration;
			buildSettings = {
				APPLICATION_EXTENSION_API_ONLY = YES;
				CODE_SIGN_ENTITLEMENTS = TaptionPlanWatchWidget/TaptionPlanWatchWidget.entitlements;
				CODE_SIGN_STYLE = Automatic;
				CURRENT_PROJECT_VERSION = 90;
				DEVELOPMENT_TEAM = 4FWG8XXYM7;
				GENERATE_INFOPLIST_FILE = NO;
				INFOPLIST_FILE = TaptionPlanWatchWidget/Info.plist;
				LD_RUNPATH_SEARCH_PATHS = (
					"$(inherited)",
					"@executable_path/Frameworks",
					"@executable_path/../../Frameworks",
				);
				MARKETING_VERSION = 1.0;
				PRODUCT_BUNDLE_IDENTIFIER = com.taption.plan.watchkitapp.widget;
				PRODUCT_NAME = "$(TARGET_NAME)";
				SDKROOT = watchos;
				SKIP_INSTALL = YES;
				SUPPORTED_PLATFORMS = "watchos watchsimulator";
				SWIFT_EMIT_LOC_STRINGS = YES;
				SWIFT_VERSION = 6.0;
				TARGETED_DEVICE_FAMILY = 4;
				WATCHOS_DEPLOYMENT_TARGET = 11.0;
			};
			name = Release;
		};
/* End XCBuildConfiguration section */

/* Begin XCLocalSwiftPackageReference section */
		X30000000000000000000001 /* XCLocalSwiftPackageReference "TaptionPlanCore" */ = {
			isa = XCLocalSwiftPackageReference;
			relativePath = Packages/TaptionPlanCore;
		};
/* End XCLocalSwiftPackageReference section */

/* Begin XCSwiftPackageProductDependency section */
		X30000000000000000000002 /* TaptionPlanCore */ = {
			isa = XCSwiftPackageProductDependency;
			package = X30000000000000000000001 /* XCLocalSwiftPackageReference "TaptionPlanCore" */;
			productName = TaptionPlanCore;
		};
/* End XCSwiftPackageProductDependency section */

/* Begin XCConfigurationList section */
		710000000000000000000001 /* Build configuration list for PBXProject "TaptionPlan" */ = {
			isa = XCConfigurationList;
			buildConfigurations = (
				610000000000000000000001 /* Debug */,
				610000000000000000000002 /* Release */,
			);
			defaultConfigurationIsVisible = 0;
			defaultConfigurationName = Release;
		};
		710000000000000000000002 /* Build configuration list for PBXNativeTarget "TaptionPlan" */ = {
			isa = XCConfigurationList;
			buildConfigurations = (
				610000000000000000000003 /* Debug */,
				610000000000000000000004 /* Release */,
			);
			defaultConfigurationIsVisible = 0;
			defaultConfigurationName = Release;
		};
		710000000000000000000003 /* Build configuration list for PBXNativeTarget "TaptionPlanTests" */ = {
			isa = XCConfigurationList;
			buildConfigurations = (
				610000000000000000000005 /* Debug */,
				610000000000000000000006 /* Release */,
			);
			defaultConfigurationIsVisible = 0;
			defaultConfigurationName = Release;
		};
		710000000000000000000004 /* Build configuration list for PBXNativeTarget "TaptionPlanWidget" */ = {
			isa = XCConfigurationList;
			buildConfigurations = (
				610000000000000000000007 /* Debug */,
				610000000000000000000008 /* Release */,
			);
			defaultConfigurationIsVisible = 0;
			defaultConfigurationName = Release;
		};
		710000000000000000000005 /* Build configuration list for PBXNativeTarget "TaptionPlanWatch" */ = {
			isa = XCConfigurationList;
			buildConfigurations = (
				610000000000000000000009 /* Debug */,
				61000000000000000000000A /* Release */,
			);
			defaultConfigurationIsVisible = 0;
			defaultConfigurationName = Release;
		};
		710000000000000000000006 /* Build configuration list for PBXNativeTarget "TaptionPlanWatchWidget" */ = {
			isa = XCConfigurationList;
			buildConfigurations = (
				61000000000000000000000B /* Debug */,
				61000000000000000000000C /* Release */,
			);
			defaultConfigurationIsVisible = 0;
			defaultConfigurationName = Release;
		};
/* End XCConfigurationList section */
	};
	rootObject = D10000000000000000000001 /* Project object */;
}
